// !$*UTF8*$!
{
	archiveVersion = 1;
	classes = {
	};
	objectVersion = 46;
	objects = {

/* Begin PBXBuildFile section */
		150112801DF7C2B400A45FA8 /* icon.png in Resources */ = {isa = PBXBuildFile; fileRef = 1501127F1DF7C2B400A45FA8 /* icon.png */; };
		155DE3C51DEEBE2D007CD6BF /* main.m in Sources */ = {isa = PBXBuildFile; fileRef = 155DE3C41DEEBE2D007CD6BF /* main.m */; };
		155DE3C81DEEBE2D007CD6BF /* AppDelegate.m in Sources */ = {isa = PBXBuildFile; fileRef = 155DE3C71DEEBE2D007CD6BF /* AppDelegate.m */; };
		155DE3CB1DEEBE2D007CD6BF /* ViewController.m in Sources */ = {isa = PBXBuildFile; fileRef = 155DE3CA1DEEBE2D007CD6BF /* ViewController.m */; };
		155DE3CE1DEEBE2D007CD6BF /* Main.storyboard in Resources */ = {isa = PBXBuildFile; fileRef = 155DE3CC1DEEBE2D007CD6BF /* Main.storyboard */; };
		155DE3D01DEEBE2D007CD6BF /* Assets.xcassets in Resources */ = {isa = PBXBuildFile; fileRef = 155DE3CF1DEEBE2D007CD6BF /* Assets.xcassets */; };
		155DE3D31DEEBE2D007CD6BF /* LaunchScreen.storyboard in Resources */ = {isa = PBXBuildFile; fileRef = 155DE3D11DEEBE2D007CD6BF /* LaunchScreen.storyboard */; };
		156365A01F90B80500A209D6 /* libpyutilea.a in Frameworks */ = {isa = PBXBuildFile; fileRef = 1563657F1F90B80500A209D6 /* libpyutilea.a */; };
		1583E0591DFA51BC00AD48EA /* PYParams.m in Sources */ = {isa = PBXBuildFile; fileRef = 1583E03B1DFA51BC00AD48EA /* PYParams.m */; };
		1583E05A1DFA51BC00AD48EA /* PYPopupWindow.m in Sources */ = {isa = PBXBuildFile; fileRef = 1583E03D1DFA51BC00AD48EA /* PYPopupWindow.m */; };
		1583E05B1DFA51BC00AD48EA /* UIView+Popup.m in Sources */ = {isa = PBXBuildFile; fileRef = 1583E03F1DFA51BC00AD48EA /* UIView+Popup.m */; };
		1583E05C1DFA51BC00AD48EA /* UIView+Remove.m in Sources */ = {isa = PBXBuildFile; fileRef = 1583E0411DFA51BC00AD48EA /* UIView+Remove.m */; };
		1583E05D1DFA51BC00AD48EA /* UIViewPopupParam.m in Sources */ = {isa = PBXBuildFile; fileRef = 1583E0431DFA51BC00AD48EA /* UIViewPopupParam.m */; };
		1583E05E1DFA51BC00AD48EA /* PYDialogButtonView.m in Sources */ = {isa = PBXBuildFile; fileRef = 1583E0461DFA51BC00AD48EA /* PYDialogButtonView.m */; };
		1583E05F1DFA51BC00AD48EA /* PYDialogMessageView.m in Sources */ = {isa = PBXBuildFile; fileRef = 1583E0481DFA51BC00AD48EA /* PYDialogMessageView.m */; };
		1583E0601DFA51BC00AD48EA /* PYDialogParam.m in Sources */ = {isa = PBXBuildFile; fileRef = 1583E04A1DFA51BC00AD48EA /* PYDialogParam.m */; };
		1583E0611DFA51BC00AD48EA /* PYDialogTitleView.m in Sources */ = {isa = PBXBuildFile; fileRef = 1583E04C1DFA51BC00AD48EA /* PYDialogTitleView.m */; };
		1583E0621DFA51BC00AD48EA /* UIView+Dialog.m in Sources */ = {isa = PBXBuildFile; fileRef = 1583E04E1DFA51BC00AD48EA /* UIView+Dialog.m */; };
		1583E0631DFA51BC00AD48EA /* PYSheetHeadView.m in Sources */ = {isa = PBXBuildFile; fileRef = 1583E0511DFA51BC00AD48EA /* PYSheetHeadView.m */; };
		1583E0641DFA51BC00AD48EA /* PYSheetParam.m in Sources */ = {isa = PBXBuildFile; fileRef = 1583E0531DFA51BC00AD48EA /* PYSheetParam.m */; };
		1583E0661DFA51BC00AD48EA /* UIView+Sheet.m in Sources */ = {isa = PBXBuildFile; fileRef = 1583E0571DFA51BC00AD48EA /* UIView+Sheet.m */; };
		1583E0691DFA52A000AD48EA /* UIView+Topbar.m in Sources */ = {isa = PBXBuildFile; fileRef = 1583E0681DFA52A000AD48EA /* UIView+Topbar.m */; };
		1583E06C1DFA53E100AD48EA /* PYTopbarParam.m in Sources */ = {isa = PBXBuildFile; fileRef = 1583E06B1DFA53E100AD48EA /* PYTopbarParam.m */; };
		1583E0831DFA7E2800AD48EA /* pyinterflowa.h in CopyFiles */ = {isa = PBXBuildFile; fileRef = 1583E0801DFA7E2800AD48EA /* pyinterflowa.h */; };
		1583E0871DFA7EBF00AD48EA /* PYParams.m in Sources */ = {isa = PBXBuildFile; fileRef = 1583E03B1DFA51BC00AD48EA /* PYParams.m */; };
		1583E0881DFA7EBF00AD48EA /* PYPopupWindow.m in Sources */ = {isa = PBXBuildFile; fileRef = 1583E03D1DFA51BC00AD48EA /* PYPopupWindow.m */; };
		1583E0891DFA7EBF00AD48EA /* UIView+Popup.m in Sources */ = {isa = PBXBuildFile; fileRef = 1583E03F1DFA51BC00AD48EA /* UIView+Popup.m */; };
		1583E08A1DFA7EBF00AD48EA /* UIView+Remove.m in Sources */ = {isa = PBXBuildFile; fileRef = 1583E0411DFA51BC00AD48EA /* UIView+Remove.m */; };
		1583E08B1DFA7EBF00AD48EA /* UIViewPopupParam.m in Sources */ = {isa = PBXBuildFile; fileRef = 1583E0431DFA51BC00AD48EA /* UIViewPopupParam.m */; };
		1583E08C1DFA7EBF00AD48EA /* PYDialogButtonView.m in Sources */ = {isa = PBXBuildFile; fileRef = 1583E0461DFA51BC00AD48EA /* PYDialogButtonView.m */; };
		1583E08D1DFA7EBF00AD48EA /* PYDialogMessageView.m in Sources */ = {isa = PBXBuildFile; fileRef = 1583E0481DFA51BC00AD48EA /* PYDialogMessageView.m */; };
		1583E08E1DFA7EBF00AD48EA /* PYDialogParam.m in Sources */ = {isa = PBXBuildFile; fileRef = 1583E04A1DFA51BC00AD48EA /* PYDialogParam.m */; };
		1583E08F1DFA7EBF00AD48EA /* PYDialogTitleView.m in Sources */ = {isa = PBXBuildFile; fileRef = 1583E04C1DFA51BC00AD48EA /* PYDialogTitleView.m */; };
		1583E0901DFA7EBF00AD48EA /* UIView+Dialog.m in Sources */ = {isa = PBXBuildFile; fileRef = 1583E04E1DFA51BC00AD48EA /* UIView+Dialog.m */; };
		1583E0911DFA7EBF00AD48EA /* PYSheetHeadView.m in Sources */ = {isa = PBXBuildFile; fileRef = 1583E0511DFA51BC00AD48EA /* PYSheetHeadView.m */; };
		1583E0921DFA7EBF00AD48EA /* PYSheetParam.m in Sources */ = {isa = PBXBuildFile; fileRef = 1583E0531DFA51BC00AD48EA /* PYSheetParam.m */; };
		1583E0931DFA7EBF00AD48EA /* UIView+Sheet.m in Sources */ = {isa = PBXBuildFile; fileRef = 1583E0571DFA51BC00AD48EA /* UIView+Sheet.m */; };
		1583E0941DFA7EBF00AD48EA /* UIView+Topbar.m in Sources */ = {isa = PBXBuildFile; fileRef = 1583E0681DFA52A000AD48EA /* UIView+Topbar.m */; };
		1583E0951DFA7EBF00AD48EA /* PYTopbarParam.m in Sources */ = {isa = PBXBuildFile; fileRef = 1583E06B1DFA53E100AD48EA /* PYTopbarParam.m */; };
		1583E09C1DFA7EF100AD48EA /* PYParams.h in CopyFiles */ = {isa = PBXBuildFile; fileRef = 1583E03A1DFA51BC00AD48EA /* PYParams.h */; };
		1583E09D1DFA7EF100AD48EA /* UIView+Popup.h in CopyFiles */ = {isa = PBXBuildFile; fileRef = 1583E03E1DFA51BC00AD48EA /* UIView+Popup.h */; };
		1583E09E1DFA7EF100AD48EA /* UIView+Remove.h in CopyFiles */ = {isa = PBXBuildFile; fileRef = 1583E0401DFA51BC00AD48EA /* UIView+Remove.h */; };
		1583E09F1DFA7EF100AD48EA /* UIView+Dialog.h in CopyFiles */ = {isa = PBXBuildFile; fileRef = 1583E04D1DFA51BC00AD48EA /* UIView+Dialog.h */; };
		1583E0A01DFA7EF100AD48EA /* UIView+Sheet.h in CopyFiles */ = {isa = PBXBuildFile; fileRef = 1583E0561DFA51BC00AD48EA /* UIView+Sheet.h */; };
		1583E0D21DFA824200AD48EA /* UIView+Topbar.h in CopyFiles */ = {isa = PBXBuildFile; fileRef = 1583E0671DFA52A000AD48EA /* UIView+Topbar.h */; };
		15C5FB921DF67AA400FF2C75 /* libpyutilea.a in Frameworks */ = {isa = PBXBuildFile; fileRef = 15C5FB911DF67AA400FF2C75 /* libpyutilea.a */; };
/* End PBXBuildFile section */

/* Begin PBXCopyFilesBuildPhase section */
		1583E07C1DFA7E2800AD48EA /* CopyFiles */ = {
			isa = PBXCopyFilesBuildPhase;
			buildActionMask = 2147483647;
			dstPath = "$(PRODUCT_NAME)";
			dstSubfolderSpec = 16;
			files = (
				1583E0D21DFA824200AD48EA /* UIView+Topbar.h in CopyFiles */,
				1583E09C1DFA7EF100AD48EA /* PYParams.h in CopyFiles */,
				1583E09D1DFA7EF100AD48EA /* UIView+Popup.h in CopyFiles */,
				1583E09E1DFA7EF100AD48EA /* UIView+Remove.h in CopyFiles */,
				1583E09F1DFA7EF100AD48EA /* UIView+Dialog.h in CopyFiles */,
				1583E0A01DFA7EF100AD48EA /* UIView+Sheet.h in CopyFiles */,
				1583E0831DFA7E2800AD48EA /* pyinterflowa.h in CopyFiles */,
			);
			runOnlyForDeploymentPostprocessing = 0;
		};
/* End PBXCopyFilesBuildPhase section */

/* Begin PBXFileReference section */
		1501127F1DF7C2B400A45FA8 /* icon.png */ = {isa = PBXFileReference; lastKnownFileType = image.png; path = icon.png; sourceTree = "<group>"; };
		155DE3C01DEEBE2D007CD6BF /* PYInterflow.app */ = {isa = PBXFileReference; explicitFileType = wrapper.application; includeInIndex = 0; path = PYInterflow.app; sourceTree = BUILT_PRODUCTS_DIR; };
		155DE3C41DEEBE2D007CD6BF /* main.m */ = {isa = PBXFileReference; lastKnownFileType = sourcecode.c.objc; path = main.m; sourceTree = "<group>"; };
		155DE3C61DEEBE2D007CD6BF /* AppDelegate.h */ = {isa = PBXFileReference; lastKnownFileType = sourcecode.c.h; path = AppDelegate.h; sourceTree = "<group>"; };
		155DE3C71DEEBE2D007CD6BF /* AppDelegate.m */ = {isa = PBXFileReference; lastKnownFileType = sourcecode.c.objc; path = AppDelegate.m; sourceTree = "<group>"; };
		155DE3C91DEEBE2D007CD6BF /* ViewController.h */ = {isa = PBXFileReference; lastKnownFileType = sourcecode.c.h; path = ViewController.h; sourceTree = "<group>"; };
		155DE3CA1DEEBE2D007CD6BF /* ViewController.m */ = {isa = PBXFileReference; lastKnownFileType = sourcecode.c.objc; path = ViewController.m; sourceTree = "<group>"; };
		155DE3CD1DEEBE2D007CD6BF /* Base */ = {isa = PBXFileReference; lastKnownFileType = file.storyboard; name = Base; path = Base.lproj/Main.storyboard; sourceTree = "<group>"; };
		155DE3CF1DEEBE2D007CD6BF /* Assets.xcassets */ = {isa = PBXFileReference; lastKnownFileType = folder.assetcatalog; path = Assets.xcassets; sourceTree = "<group>"; };
		155DE3D21DEEBE2D007CD6BF /* Base */ = {isa = PBXFileReference; lastKnownFileType = file.storyboard; name = Base; path = Base.lproj/LaunchScreen.storyboard; sourceTree = "<group>"; };
		155DE3D41DEEBE2D007CD6BF /* Info.plist */ = {isa = PBXFileReference; lastKnownFileType = text.plist.xml; path = Info.plist; sourceTree = "<group>"; };
		1563657F1F90B80500A209D6 /* libpyutilea.a */ = {isa = PBXFileReference; lastKnownFileType = archive.ar; path = libpyutilea.a; sourceTree = "<group>"; };
		156365811F90B80500A209D6 /* EXTScope.h */ = {isa = PBXFileReference; fileEncoding = 4; lastKnownFileType = sourcecode.c.h; path = EXTScope.h; sourceTree = "<group>"; };
		156365821F90B80500A209D6 /* metamacros.h */ = {isa = PBXFileReference; fileEncoding = 4; lastKnownFileType = sourcecode.c.h; path = metamacros.h; sourceTree = "<group>"; };
		156365831F90B80500A209D6 /* NSArray+Expand.h */ = {isa = PBXFileReference; fileEncoding = 4; lastKnownFileType = sourcecode.c.h; path = "NSArray+Expand.h"; sourceTree = "<group>"; };
		156365841F90B80500A209D6 /* NSData+Expand.h */ = {isa = PBXFileReference; fileEncoding = 4; lastKnownFileType = sourcecode.c.h; path = "NSData+Expand.h"; sourceTree = "<group>"; };
		156365851F90B80500A209D6 /* NSDate+Expand.h */ = {isa = PBXFileReference; fileEncoding = 4; lastKnownFileType = sourcecode.c.h; path = "NSDate+Expand.h"; sourceTree = "<group>"; };
		156365861F90B80500A209D6 /* NSDictionary+Expand.h */ = {isa = PBXFileReference; fileEncoding = 4; lastKnownFileType = sourcecode.c.h; path = "NSDictionary+Expand.h"; sourceTree = "<group>"; };
		156365871F90B80500A209D6 /* NSNumber+Expand.h */ = {isa = PBXFileReference; fileEncoding = 4; lastKnownFileType = sourcecode.c.h; path = "NSNumber+Expand.h"; sourceTree = "<group>"; };
		156365881F90B80500A209D6 /* NSObject+Expand.h */ = {isa = PBXFileReference; fileEncoding = 4; lastKnownFileType = sourcecode.c.h; path = "NSObject+Expand.h"; sourceTree = "<group>"; };
		156365891F90B80500A209D6 /* NSString+Expand.h */ = {isa = PBXFileReference; fileEncoding = 4; lastKnownFileType = sourcecode.c.h; path = "NSString+Expand.h"; sourceTree = "<group>"; };
		1563658A1F90B80500A209D6 /* PYGraphicsDraw.h */ = {isa = PBXFileReference; fileEncoding = 4; lastKnownFileType = sourcecode.c.h; path = PYGraphicsDraw.h; sourceTree = "<group>"; };
		1563658B1F90B80500A209D6 /* PYGraphicsThumb.h */ = {isa = PBXFileReference; fileEncoding = 4; lastKnownFileType = sourcecode.c.h; path = PYGraphicsThumb.h; sourceTree = "<group>"; };
		1563658C1F90B80500A209D6 /* PYHook.h */ = {isa = PBXFileReference; fileEncoding = 4; lastKnownFileType = sourcecode.c.h; path = PYHook.h; sourceTree = "<group>"; };
		1563658D1F90B80500A209D6 /* PYInvoke.h */ = {isa = PBXFileReference; fileEncoding = 4; lastKnownFileType = sourcecode.c.h; path = PYInvoke.h; sourceTree = "<group>"; };
		1563658E1F90B80500A209D6 /* PYKeyboardNotification.h */ = {isa = PBXFileReference; fileEncoding = 4; lastKnownFileType = sourcecode.c.h; path = PYKeyboardNotification.h; sourceTree = "<group>"; };
		1563658F1F90B80500A209D6 /* PYMotionNotification.h */ = {isa = PBXFileReference; fileEncoding = 4; lastKnownFileType = sourcecode.c.h; path = PYMotionNotification.h; sourceTree = "<group>"; };
		156365901F90B80500A209D6 /* PYOrientationNotification.h */ = {isa = PBXFileReference; fileEncoding = 4; lastKnownFileType = sourcecode.c.h; path = PYOrientationNotification.h; sourceTree = "<group>"; };
		156365911F90B80500A209D6 /* PYReachabilityNotification.h */ = {isa = PBXFileReference; fileEncoding = 4; lastKnownFileType = sourcecode.c.h; path = PYReachabilityNotification.h; sourceTree = "<group>"; };
		156365921F90B80500A209D6 /* PYUncaughtExceptionHandler.h */ = {isa = PBXFileReference; fileEncoding = 4; lastKnownFileType = sourcecode.c.h; path = PYUncaughtExceptionHandler.h; sourceTree = "<group>"; };
		156365931F90B80500A209D6 /* PYUtile.h */ = {isa = PBXFileReference; fileEncoding = 4; lastKnownFileType = sourcecode.c.h; path = PYUtile.h; sourceTree = "<group>"; };
		156365941F90B80500A209D6 /* pyutilea.h */ = {isa = PBXFileReference; fileEncoding = 4; lastKnownFileType = sourcecode.c.h; path = pyutilea.h; sourceTree = "<group>"; };
		156365951F90B80500A209D6 /* PYViewAutolayoutCenter.h */ = {isa = PBXFileReference; fileEncoding = 4; lastKnownFileType = sourcecode.c.h; path = PYViewAutolayoutCenter.h; sourceTree = "<group>"; };
		156365961F90B80500A209D6 /* Reachability.h */ = {isa = PBXFileReference; fileEncoding = 4; lastKnownFileType = sourcecode.c.h; path = Reachability.h; sourceTree = "<group>"; };
		156365971F90B80500A209D6 /* UIColor+Expand.h */ = {isa = PBXFileReference; fileEncoding = 4; lastKnownFileType = sourcecode.c.h; path = "UIColor+Expand.h"; sourceTree = "<group>"; };
		156365981F90B80500A209D6 /* UIImage+Expand.h */ = {isa = PBXFileReference; fileEncoding = 4; lastKnownFileType = sourcecode.c.h; path = "UIImage+Expand.h"; sourceTree = "<group>"; };
		156365991F90B80500A209D6 /* UILable+Expand.h */ = {isa = PBXFileReference; fileEncoding = 4; lastKnownFileType = sourcecode.c.h; path = "UILable+Expand.h"; sourceTree = "<group>"; };
		1563659A1F90B80500A209D6 /* UIResponder+Hook.h */ = {isa = PBXFileReference; fileEncoding = 4; lastKnownFileType = sourcecode.c.h; path = "UIResponder+Hook.h"; sourceTree = "<group>"; };
		1563659B1F90B80500A209D6 /* UIView+Expand.h */ = {isa = PBXFileReference; fileEncoding = 4; lastKnownFileType = sourcecode.c.h; path = "UIView+Expand.h"; sourceTree = "<group>"; };
		1563659C1F90B80500A209D6 /* UIView+Hook.h */ = {isa = PBXFileReference; fileEncoding = 4; lastKnownFileType = sourcecode.c.h; path = "UIView+Hook.h"; sourceTree = "<group>"; };
		1563659D1F90B80500A209D6 /* UIViewController+Hook.h */ = {isa = PBXFileReference; fileEncoding = 4; lastKnownFileType = sourcecode.c.h; path = "UIViewController+Hook.h"; sourceTree = "<group>"; };
		1563659E1F90B80500A209D6 /* UIViewController+HookOrientation.h */ = {isa = PBXFileReference; fileEncoding = 4; lastKnownFileType = sourcecode.c.h; path = "UIViewController+HookOrientation.h"; sourceTree = "<group>"; };
		1563659F1F90B80500A209D6 /* UIViewController+HookView.h */ = {isa = PBXFileReference; fileEncoding = 4; lastKnownFileType = sourcecode.c.h; path = "UIViewController+HookView.h"; sourceTree = "<group>"; };
		1583E03A1DFA51BC00AD48EA /* PYParams.h */ = {isa = PBXFileReference; fileEncoding = 4; lastKnownFileType = sourcecode.c.h; path = PYParams.h; sourceTree = "<group>"; };
		1583E03B1DFA51BC00AD48EA /* PYParams.m */ = {isa = PBXFileReference; fileEncoding = 4; lastKnownFileType = sourcecode.c.objc; path = PYParams.m; sourceTree = "<group>"; };
		1583E03C1DFA51BC00AD48EA /* PYPopupWindow.h */ = {isa = PBXFileReference; fileEncoding = 4; lastKnownFileType = sourcecode.c.h; path = PYPopupWindow.h; sourceTree = "<group>"; };
		1583E03D1DFA51BC00AD48EA /* PYPopupWindow.m */ = {isa = PBXFileReference; fileEncoding = 4; lastKnownFileType = sourcecode.c.objc; path = PYPopupWindow.m; sourceTree = "<group>"; };
		1583E03E1DFA51BC00AD48EA /* UIView+Popup.h */ = {isa = PBXFileReference; fileEncoding = 4; lastKnownFileType = sourcecode.c.h; path = "UIView+Popup.h"; sourceTree = "<group>"; };
		1583E03F1DFA51BC00AD48EA /* UIView+Popup.m */ = {isa = PBXFileReference; fileEncoding = 4; lastKnownFileType = sourcecode.c.objc; path = "UIView+Popup.m"; sourceTree = "<group>"; };
		1583E0401DFA51BC00AD48EA /* UIView+Remove.h */ = {isa = PBXFileReference; fileEncoding = 4; lastKnownFileType = sourcecode.c.h; path = "UIView+Remove.h"; sourceTree = "<group>"; };
		1583E0411DFA51BC00AD48EA /* UIView+Remove.m */ = {isa = PBXFileReference; fileEncoding = 4; lastKnownFileType = sourcecode.c.objc; path = "UIView+Remove.m"; sourceTree = "<group>"; };
		1583E0421DFA51BC00AD48EA /* UIViewPopupParam.h */ = {isa = PBXFileReference; fileEncoding = 4; lastKnownFileType = sourcecode.c.h; path = UIViewPopupParam.h; sourceTree = "<group>"; };
		1583E0431DFA51BC00AD48EA /* UIViewPopupParam.m */ = {isa = PBXFileReference; fileEncoding = 4; lastKnownFileType = sourcecode.c.objc; path = UIViewPopupParam.m; sourceTree = "<group>"; };
		1583E0451DFA51BC00AD48EA /* PYDialogButtonView.h */ = {isa = PBXFileReference; fileEncoding = 4; lastKnownFileType = sourcecode.c.h; path = PYDialogButtonView.h; sourceTree = "<group>"; };
		1583E0461DFA51BC00AD48EA /* PYDialogButtonView.m */ = {isa = PBXFileReference; fileEncoding = 4; lastKnownFileType = sourcecode.c.objc; path = PYDialogButtonView.m; sourceTree = "<group>"; };
		1583E0471DFA51BC00AD48EA /* PYDialogMessageView.h */ = {isa = PBXFileReference; fileEncoding = 4; lastKnownFileType = sourcecode.c.h; path = PYDialogMessageView.h; sourceTree = "<group>"; };
		1583E0481DFA51BC00AD48EA /* PYDialogMessageView.m */ = {isa = PBXFileReference; fileEncoding = 4; lastKnownFileType = sourcecode.c.objc; path = PYDialogMessageView.m; sourceTree = "<group>"; };
		1583E0491DFA51BC00AD48EA /* PYDialogParam.h */ = {isa = PBXFileReference; fileEncoding = 4; lastKnownFileType = sourcecode.c.h; path = PYDialogParam.h; sourceTree = "<group>"; };
		1583E04A1DFA51BC00AD48EA /* PYDialogParam.m */ = {isa = PBXFileReference; fileEncoding = 4; lastKnownFileType = sourcecode.c.objc; path = PYDialogParam.m; sourceTree = "<group>"; };
		1583E04B1DFA51BC00AD48EA /* PYDialogTitleView.h */ = {isa = PBXFileReference; fileEncoding = 4; lastKnownFileType = sourcecode.c.h; path = PYDialogTitleView.h; sourceTree = "<group>"; };
		1583E04C1DFA51BC00AD48EA /* PYDialogTitleView.m */ = {isa = PBXFileReference; fileEncoding = 4; lastKnownFileType = sourcecode.c.objc; path = PYDialogTitleView.m; sourceTree = "<group>"; };
		1583E04D1DFA51BC00AD48EA /* UIView+Dialog.h */ = {isa = PBXFileReference; fileEncoding = 4; lastKnownFileType = sourcecode.c.h; path = "UIView+Dialog.h"; sourceTree = "<group>"; };
		1583E04E1DFA51BC00AD48EA /* UIView+Dialog.m */ = {isa = PBXFileReference; fileEncoding = 4; lastKnownFileType = sourcecode.c.objc; path = "UIView+Dialog.m"; sourceTree = "<group>"; };
		1583E0501DFA51BC00AD48EA /* PYSheetHeadView.h */ = {isa = PBXFileReference; fileEncoding = 4; lastKnownFileType = sourcecode.c.h; path = PYSheetHeadView.h; sourceTree = "<group>"; };
		1583E0511DFA51BC00AD48EA /* PYSheetHeadView.m */ = {isa = PBXFileReference; fileEncoding = 4; lastKnownFileType = sourcecode.c.objc; path = PYSheetHeadView.m; sourceTree = "<group>"; };
		1583E0521DFA51BC00AD48EA /* PYSheetParam.h */ = {isa = PBXFileReference; fileEncoding = 4; lastKnownFileType = sourcecode.c.h; path = PYSheetParam.h; sourceTree = "<group>"; };
		1583E0531DFA51BC00AD48EA /* PYSheetParam.m */ = {isa = PBXFileReference; fileEncoding = 4; lastKnownFileType = sourcecode.c.objc; path = PYSheetParam.m; sourceTree = "<group>"; };
		1583E0561DFA51BC00AD48EA /* UIView+Sheet.h */ = {isa = PBXFileReference; fileEncoding = 4; lastKnownFileType = sourcecode.c.h; path = "UIView+Sheet.h"; sourceTree = "<group>"; };
		1583E0571DFA51BC00AD48EA /* UIView+Sheet.m */ = {isa = PBXFileReference; fileEncoding = 4; lastKnownFileType = sourcecode.c.objc; path = "UIView+Sheet.m"; sourceTree = "<group>"; };
		1583E0671DFA52A000AD48EA /* UIView+Topbar.h */ = {isa = PBXFileReference; fileEncoding = 4; lastKnownFileType = sourcecode.c.h; path = "UIView+Topbar.h"; sourceTree = "<group>"; };
		1583E0681DFA52A000AD48EA /* UIView+Topbar.m */ = {isa = PBXFileReference; fileEncoding = 4; lastKnownFileType = sourcecode.c.objc; path = "UIView+Topbar.m"; sourceTree = "<group>"; };
		1583E06A1DFA53E100AD48EA /* PYTopbarParam.h */ = {isa = PBXFileReference; fileEncoding = 4; lastKnownFileType = sourcecode.c.h; path = PYTopbarParam.h; sourceTree = "<group>"; };
		1583E06B1DFA53E100AD48EA /* PYTopbarParam.m */ = {isa = PBXFileReference; fileEncoding = 4; lastKnownFileType = sourcecode.c.objc; path = PYTopbarParam.m; sourceTree = "<group>"; };
		1583E07E1DFA7E2800AD48EA /* libpyinterflowa.a */ = {isa = PBXFileReference; explicitFileType = archive.ar; includeInIndex = 0; path = libpyinterflowa.a; sourceTree = BUILT_PRODUCTS_DIR; };
		1583E0801DFA7E2800AD48EA /* pyinterflowa.h */ = {isa = PBXFileReference; lastKnownFileType = sourcecode.c.h; path = pyinterflowa.h; sourceTree = "<group>"; };
		15C5FB911DF67AA400FF2C75 /* libpyutilea.a */ = {isa = PBXFileReference; lastKnownFileType = archive.ar; path = libpyutilea.a; sourceTree = "<group>"; };
/* End PBXFileReference section */

/* Begin PBXFrameworksBuildPhase section */
		155DE3BD1DEEBE2D007CD6BF /* Frameworks */ = {
			isa = PBXFrameworksBuildPhase;
			buildActionMask = 2147483647;
			files = (
				156365A01F90B80500A209D6 /* libpyutilea.a in Frameworks */,
				15C5FB921DF67AA400FF2C75 /* libpyutilea.a in Frameworks */,
			);
			runOnlyForDeploymentPostprocessing = 0;
		};
		1583E07B1DFA7E2800AD48EA /* Frameworks */ = {
			isa = PBXFrameworksBuildPhase;
			buildActionMask = 2147483647;
			files = (
			);
			runOnlyForDeploymentPostprocessing = 0;
		};
/* End PBXFrameworksBuildPhase section */

/* Begin PBXGroup section */
		1501127E1DF7C2B400A45FA8 /* Images */ = {
			isa = PBXGroup;
			children = (
				1501127F1DF7C2B400A45FA8 /* icon.png */,
			);
			path = Images;
			sourceTree = "<group>";
		};
		155DE3B71DEEBE2D007CD6BF = {
			isa = PBXGroup;
			children = (
				1563657E1F90B80500A209D6 /* lib */,
				155DE3C21DEEBE2D007CD6BF /* PYInterflow */,
				1583E07F1DFA7E2800AD48EA /* pyinterflowa */,
				155DE3C11DEEBE2D007CD6BF /* Products */,
				155DE44B1DEEC8D7007CD6BF /* Frameworks */,
			);
			sourceTree = "<group>";
		};
		155DE3C11DEEBE2D007CD6BF /* Products */ = {
			isa = PBXGroup;
			children = (
				155DE3C01DEEBE2D007CD6BF /* PYInterflow.app */,
				1583E07E1DFA7E2800AD48EA /* libpyinterflowa.a */,
			);
			name = Products;
			sourceTree = "<group>";
		};
		155DE3C21DEEBE2D007CD6BF /* PYInterflow */ = {
			isa = PBXGroup;
			children = (
				1583E0381DFA51BC00AD48EA /* Source */,
				1501127E1DF7C2B400A45FA8 /* Images */,
				155DE3C61DEEBE2D007CD6BF /* AppDelegate.h */,
				155DE3C71DEEBE2D007CD6BF /* AppDelegate.m */,
				155DE3C91DEEBE2D007CD6BF /* ViewController.h */,
				155DE3CA1DEEBE2D007CD6BF /* ViewController.m */,
				155DE3CC1DEEBE2D007CD6BF /* Main.storyboard */,
				155DE3CF1DEEBE2D007CD6BF /* Assets.xcassets */,
				155DE3D11DEEBE2D007CD6BF /* LaunchScreen.storyboard */,
				155DE3D41DEEBE2D007CD6BF /* Info.plist */,
				155DE3C31DEEBE2D007CD6BF /* Supporting Files */,
			);
			path = PYInterflow;
			sourceTree = "<group>";
		};
		155DE3C31DEEBE2D007CD6BF /* Supporting Files */ = {
			isa = PBXGroup;
			children = (
				155DE3C41DEEBE2D007CD6BF /* main.m */,
			);
			name = "Supporting Files";
			sourceTree = "<group>";
		};
		155DE44B1DEEC8D7007CD6BF /* Frameworks */ = {
			isa = PBXGroup;
			children = (
				15C5FB911DF67AA400FF2C75 /* libpyutilea.a */,
			);
			name = Frameworks;
			sourceTree = "<group>";
		};
		1563657E1F90B80500A209D6 /* lib */ = {
			isa = PBXGroup;
			children = (
				1563657F1F90B80500A209D6 /* libpyutilea.a */,
				156365801F90B80500A209D6 /* pyutilea */,
			);
			path = lib;
			sourceTree = "<group>";
		};
		156365801F90B80500A209D6 /* pyutilea */ = {
			isa = PBXGroup;
			children = (
				156365811F90B80500A209D6 /* EXTScope.h */,
				156365821F90B80500A209D6 /* metamacros.h */,
				156365831F90B80500A209D6 /* NSArray+Expand.h */,
				156365841F90B80500A209D6 /* NSData+Expand.h */,
				156365851F90B80500A209D6 /* NSDate+Expand.h */,
				156365861F90B80500A209D6 /* NSDictionary+Expand.h */,
				156365871F90B80500A209D6 /* NSNumber+Expand.h */,
				156365881F90B80500A209D6 /* NSObject+Expand.h */,
				156365891F90B80500A209D6 /* NSString+Expand.h */,
				1563658A1F90B80500A209D6 /* PYGraphicsDraw.h */,
				1563658B1F90B80500A209D6 /* PYGraphicsThumb.h */,
				1563658C1F90B80500A209D6 /* PYHook.h */,
				1563658D1F90B80500A209D6 /* PYInvoke.h */,
				1563658E1F90B80500A209D6 /* PYKeyboardNotification.h */,
				1563658F1F90B80500A209D6 /* PYMotionNotification.h */,
				156365901F90B80500A209D6 /* PYOrientationNotification.h */,
				156365911F90B80500A209D6 /* PYReachabilityNotification.h */,
				156365921F90B80500A209D6 /* PYUncaughtExceptionHandler.h */,
				156365931F90B80500A209D6 /* PYUtile.h */,
				156365941F90B80500A209D6 /* pyutilea.h */,
				156365951F90B80500A209D6 /* PYViewAutolayoutCenter.h */,
				156365961F90B80500A209D6 /* Reachability.h */,
				156365971F90B80500A209D6 /* UIColor+Expand.h */,
				156365981F90B80500A209D6 /* UIImage+Expand.h */,
				156365991F90B80500A209D6 /* UILable+Expand.h */,
				1563659A1F90B80500A209D6 /* UIResponder+Hook.h */,
				1563659B1F90B80500A209D6 /* UIView+Expand.h */,
				1563659C1F90B80500A209D6 /* UIView+Hook.h */,
				1563659D1F90B80500A209D6 /* UIViewController+Hook.h */,
				1563659E1F90B80500A209D6 /* UIViewController+HookOrientation.h */,
				1563659F1F90B80500A209D6 /* UIViewController+HookView.h */,
			);
			path = pyutilea;
			sourceTree = "<group>";
		};
		1583E0381DFA51BC00AD48EA /* Source */ = {
			isa = PBXGroup;
			children = (
				1583E0391DFA51BC00AD48EA /* Basic */,
				1583E0441DFA51BC00AD48EA /* Dialog */,
				1583E04F1DFA51BC00AD48EA /* Sheet */,
				1583E0581DFA51BC00AD48EA /* Topbar */,
			);
			path = Source;
			sourceTree = "<group>";
		};
		1583E0391DFA51BC00AD48EA /* Basic */ = {
			isa = PBXGroup;
			children = (
				1583E03A1DFA51BC00AD48EA /* PYParams.h */,
				1583E03B1DFA51BC00AD48EA /* PYParams.m */,
				1583E03C1DFA51BC00AD48EA /* PYPopupWindow.h */,
				1583E03D1DFA51BC00AD48EA /* PYPopupWindow.m */,
				1583E03E1DFA51BC00AD48EA /* UIView+Popup.h */,
				1583E03F1DFA51BC00AD48EA /* UIView+Popup.m */,
				1583E0401DFA51BC00AD48EA /* UIView+Remove.h */,
				1583E0411DFA51BC00AD48EA /* UIView+Remove.m */,
				1583E0421DFA51BC00AD48EA /* UIViewPopupParam.h */,
				1583E0431DFA51BC00AD48EA /* UIViewPopupParam.m */,
			);
			path = Basic;
			sourceTree = "<group>";
		};
		1583E0441DFA51BC00AD48EA /* Dialog */ = {
			isa = PBXGroup;
			children = (
				1583E0451DFA51BC00AD48EA /* PYDialogButtonView.h */,
				1583E0461DFA51BC00AD48EA /* PYDialogButtonView.m */,
				1583E0471DFA51BC00AD48EA /* PYDialogMessageView.h */,
				1583E0481DFA51BC00AD48EA /* PYDialogMessageView.m */,
				1583E0491DFA51BC00AD48EA /* PYDialogParam.h */,
				1583E04A1DFA51BC00AD48EA /* PYDialogParam.m */,
				1583E04B1DFA51BC00AD48EA /* PYDialogTitleView.h */,
				1583E04C1DFA51BC00AD48EA /* PYDialogTitleView.m */,
				1583E04D1DFA51BC00AD48EA /* UIView+Dialog.h */,
				1583E04E1DFA51BC00AD48EA /* UIView+Dialog.m */,
			);
			path = Dialog;
			sourceTree = "<group>";
		};
		1583E04F1DFA51BC00AD48EA /* Sheet */ = {
			isa = PBXGroup;
			children = (
				1583E0501DFA51BC00AD48EA /* PYSheetHeadView.h */,
				1583E0511DFA51BC00AD48EA /* PYSheetHeadView.m */,
				1583E0521DFA51BC00AD48EA /* PYSheetParam.h */,
				1583E0531DFA51BC00AD48EA /* PYSheetParam.m */,
				1583E0561DFA51BC00AD48EA /* UIView+Sheet.h */,
				1583E0571DFA51BC00AD48EA /* UIView+Sheet.m */,
			);
			path = Sheet;
			sourceTree = "<group>";
		};
		1583E0581DFA51BC00AD48EA /* Topbar */ = {
			isa = PBXGroup;
			children = (
				1583E0671DFA52A000AD48EA /* UIView+Topbar.h */,
				1583E0681DFA52A000AD48EA /* UIView+Topbar.m */,
				1583E06A1DFA53E100AD48EA /* PYTopbarParam.h */,
				1583E06B1DFA53E100AD48EA /* PYTopbarParam.m */,
			);
			name = Topbar;
			path = TopBar;
			sourceTree = "<group>";
		};
		1583E07F1DFA7E2800AD48EA /* pyinterflowa */ = {
			isa = PBXGroup;
			children = (
				1583E0801DFA7E2800AD48EA /* pyinterflowa.h */,
			);
			path = pyinterflowa;
			sourceTree = "<group>";
		};
/* End PBXGroup section */

/* Begin PBXNativeTarget section */
		155DE3BF1DEEBE2D007CD6BF /* PYInterflow */ = {
			isa = PBXNativeTarget;
			buildConfigurationList = 155DE3D71DEEBE2D007CD6BF /* Build configuration list for PBXNativeTarget "PYInterflow" */;
			buildPhases = (
				155DE3BC1DEEBE2D007CD6BF /* Sources */,
				155DE3BD1DEEBE2D007CD6BF /* Frameworks */,
				155DE3BE1DEEBE2D007CD6BF /* Resources */,
			);
			buildRules = (
			);
			dependencies = (
			);
			name = PYInterflow;
			productName = PYInterflow;
			productReference = 155DE3C01DEEBE2D007CD6BF /* PYInterflow.app */;
			productType = "com.apple.product-type.application";
		};
		1583E07D1DFA7E2800AD48EA /* pyinterflowa */ = {
			isa = PBXNativeTarget;
			buildConfigurationList = 1583E0841DFA7E2800AD48EA /* Build configuration list for PBXNativeTarget "pyinterflowa" */;
			buildPhases = (
				1583E07A1DFA7E2800AD48EA /* Sources */,
				1583E07B1DFA7E2800AD48EA /* Frameworks */,
				1583E07C1DFA7E2800AD48EA /* CopyFiles */,
			);
			buildRules = (
			);
			dependencies = (
			);
			name = pyinterflowa;
			productName = pyinterflowa;
			productReference = 1583E07E1DFA7E2800AD48EA /* libpyinterflowa.a */;
			productType = "com.apple.product-type.library.static";
		};
/* End PBXNativeTarget section */

/* Begin PBXProject section */
		155DE3B81DEEBE2D007CD6BF /* Project object */ = {
			isa = PBXProject;
			attributes = {
				LastUpgradeCheck = 0800;
				ORGANIZATIONNAME = wlpiaoyi;
				TargetAttributes = {
					155DE3BF1DEEBE2D007CD6BF = {
						CreatedOnToolsVersion = 8.0;
						DevelopmentTeam = S4NUSJ3KDJ;
						ProvisioningStyle = Automatic;
					};
					1583E07D1DFA7E2800AD48EA = {
						CreatedOnToolsVersion = 8.1;
						DevelopmentTeam = S4NUSJ3KDJ;
						ProvisioningStyle = Automatic;
					};
				};
			};
			buildConfigurationList = 155DE3BB1DEEBE2D007CD6BF /* Build configuration list for PBXProject "PYInterflow" */;
			compatibilityVersion = "Xcode 3.2";
			developmentRegion = English;
			hasScannedForEncodings = 0;
			knownRegions = (
				en,
				Base,
			);
			mainGroup = 155DE3B71DEEBE2D007CD6BF;
			productRefGroup = 155DE3C11DEEBE2D007CD6BF /* Products */;
			projectDirPath = "";
			projectRoot = "";
			targets = (
				155DE3BF1DEEBE2D007CD6BF /* PYInterflow */,
				1583E07D1DFA7E2800AD48EA /* pyinterflowa */,
			);
		};
/* End PBXProject section */

/* Begin PBXResourcesBuildPhase section */
		155DE3BE1DEEBE2D007CD6BF /* Resources */ = {
			isa = PBXResourcesBuildPhase;
			buildActionMask = 2147483647;
			files = (
				150112801DF7C2B400A45FA8 /* icon.png in Resources */,
				155DE3D31DEEBE2D007CD6BF /* LaunchScreen.storyboard in Resources */,
				155DE3D01DEEBE2D007CD6BF /* Assets.xcassets in Resources */,
				155DE3CE1DEEBE2D007CD6BF /* Main.storyboard in Resources */,
			);
			runOnlyForDeploymentPostprocessing = 0;
		};
/* End PBXResourcesBuildPhase section */

/* Begin PBXSourcesBuildPhase section */
		155DE3BC1DEEBE2D007CD6BF /* Sources */ = {
			isa = PBXSourcesBuildPhase;
			buildActionMask = 2147483647;
			files = (
				1583E05B1DFA51BC00AD48EA /* UIView+Popup.m in Sources */,
				1583E05D1DFA51BC00AD48EA /* UIViewPopupParam.m in Sources */,
				155DE3CB1DEEBE2D007CD6BF /* ViewController.m in Sources */,
				1583E05C1DFA51BC00AD48EA /* UIView+Remove.m in Sources */,
				155DE3C81DEEBE2D007CD6BF /* AppDelegate.m in Sources */,
				1583E0691DFA52A000AD48EA /* UIView+Topbar.m in Sources */,
				1583E0661DFA51BC00AD48EA /* UIView+Sheet.m in Sources */,
				1583E05F1DFA51BC00AD48EA /* PYDialogMessageView.m in Sources */,
				1583E06C1DFA53E100AD48EA /* PYTopbarParam.m in Sources */,
				1583E05A1DFA51BC00AD48EA /* PYPopupWindow.m in Sources */,
				1583E0621DFA51BC00AD48EA /* UIView+Dialog.m in Sources */,
				1583E0631DFA51BC00AD48EA /* PYSheetHeadView.m in Sources */,
				1583E0611DFA51BC00AD48EA /* PYDialogTitleView.m in Sources */,
				1583E0591DFA51BC00AD48EA /* PYParams.m in Sources */,
				1583E05E1DFA51BC00AD48EA /* PYDialogButtonView.m in Sources */,
				1583E0641DFA51BC00AD48EA /* PYSheetParam.m in Sources */,
				155DE3C51DEEBE2D007CD6BF /* main.m in Sources */,
				1583E0601DFA51BC00AD48EA /* PYDialogParam.m in Sources */,
			);
			runOnlyForDeploymentPostprocessing = 0;
		};
		1583E07A1DFA7E2800AD48EA /* Sources */ = {
			isa = PBXSourcesBuildPhase;
			buildActionMask = 2147483647;
			files = (
				1583E0871DFA7EBF00AD48EA /* PYParams.m in Sources */,
				1583E0881DFA7EBF00AD48EA /* PYPopupWindow.m in Sources */,
				1583E0891DFA7EBF00AD48EA /* UIView+Popup.m in Sources */,
				1583E08A1DFA7EBF00AD48EA /* UIView+Remove.m in Sources */,
				1583E08B1DFA7EBF00AD48EA /* UIViewPopupParam.m in Sources */,
				1583E08C1DFA7EBF00AD48EA /* PYDialogButtonView.m in Sources */,
				1583E08D1DFA7EBF00AD48EA /* PYDialogMessageView.m in Sources */,
				1583E08E1DFA7EBF00AD48EA /* PYDialogParam.m in Sources */,
				1583E08F1DFA7EBF00AD48EA /* PYDialogTitleView.m in Sources */,
				1583E0901DFA7EBF00AD48EA /* UIView+Dialog.m in Sources */,
				1583E0911DFA7EBF00AD48EA /* PYSheetHeadView.m in Sources */,
				1583E0921DFA7EBF00AD48EA /* PYSheetParam.m in Sources */,
				1583E0931DFA7EBF00AD48EA /* UIView+Sheet.m in Sources */,
				1583E0941DFA7EBF00AD48EA /* UIView+Topbar.m in Sources */,
				1583E0951DFA7EBF00AD48EA /* PYTopbarParam.m in Sources */,
			);
			runOnlyForDeploymentPostprocessing = 0;
		};
/* End PBXSourcesBuildPhase section */

/* Begin PBXVariantGroup section */
		155DE3CC1DEEBE2D007CD6BF /* Main.storyboard */ = {
			isa = PBXVariantGroup;
			children = (
				155DE3CD1DEEBE2D007CD6BF /* Base */,
			);
			name = Main.storyboard;
			sourceTree = "<group>";
		};
		155DE3D11DEEBE2D007CD6BF /* LaunchScreen.storyboard */ = {
			isa = PBXVariantGroup;
			children = (
				155DE3D21DEEBE2D007CD6BF /* Base */,
			);
			name = LaunchScreen.storyboard;
			sourceTree = "<group>";
		};
/* End PBXVariantGroup section */

/* Begin XCBuildConfiguration section */
		155DE3D51DEEBE2D007CD6BF /* Debug */ = {
			isa = XCBuildConfiguration;
			buildSettings = {
				ALWAYS_SEARCH_USER_PATHS = NO;
				CLANG_ANALYZER_NONNULL = YES;
				CLANG_CXX_LANGUAGE_STANDARD = "gnu++0x";
				CLANG_CXX_LIBRARY = "libc++";
				CLANG_ENABLE_MODULES = YES;
				CLANG_ENABLE_OBJC_ARC = YES;
				CLANG_WARN_BOOL_CONVERSION = YES;
				CLANG_WARN_CONSTANT_CONVERSION = YES;
				CLANG_WARN_DIRECT_OBJC_ISA_USAGE = YES_ERROR;
				CLANG_WARN_DOCUMENTATION_COMMENTS = YES;
				CLANG_WARN_EMPTY_BODY = YES;
				CLANG_WARN_ENUM_CONVERSION = YES;
				CLANG_WARN_INFINITE_RECURSION = YES;
				CLANG_WARN_INT_CONVERSION = YES;
				CLANG_WARN_OBJC_ROOT_CLASS = YES_ERROR;
				CLANG_WARN_SUSPICIOUS_MOVES = YES;
				CLANG_WARN_UNREACHABLE_CODE = YES;
				CLANG_WARN__DUPLICATE_METHOD_MATCH = YES;
				"CODE_SIGN_IDENTITY[sdk=iphoneos*]" = "iPhone Developer";
				COPY_PHASE_STRIP = NO;
				DEBUG_INFORMATION_FORMAT = dwarf;
				ENABLE_STRICT_OBJC_MSGSEND = YES;
				ENABLE_TESTABILITY = YES;
				GCC_C_LANGUAGE_STANDARD = gnu99;
				GCC_DYNAMIC_NO_PIC = NO;
				GCC_NO_COMMON_BLOCKS = YES;
				GCC_OPTIMIZATION_LEVEL = 0;
				GCC_PREPROCESSOR_DEFINITIONS = (
					"DEBUG=1",
					"$(inherited)",
				);
				GCC_WARN_64_TO_32_BIT_CONVERSION = YES;
				GCC_WARN_ABOUT_RETURN_TYPE = YES_ERROR;
				GCC_WARN_UNDECLARED_SELECTOR = YES;
				GCC_WARN_UNINITIALIZED_AUTOS = YES_AGGRESSIVE;
				GCC_WARN_UNUSED_FUNCTION = YES;
				GCC_WARN_UNUSED_VARIABLE = YES;
				IPHONEOS_DEPLOYMENT_TARGET = 10.0;
				MTL_ENABLE_DEBUG_INFO = YES;
				ONLY_ACTIVE_ARCH = YES;
				SDKROOT = iphoneos;
				TARGETED_DEVICE_FAMILY = "1,2";
			};
			name = Debug;
		};
		155DE3D61DEEBE2D007CD6BF /* Release */ = {
			isa = XCBuildConfiguration;
			buildSettings = {
				ALWAYS_SEARCH_USER_PATHS = NO;
				CLANG_ANALYZER_NONNULL = YES;
				CLANG_CXX_LANGUAGE_STANDARD = "gnu++0x";
				CLANG_CXX_LIBRARY = "libc++";
				CLANG_ENABLE_MODULES = YES;
				CLANG_ENABLE_OBJC_ARC = YES;
				CLANG_WARN_BOOL_CONVERSION = YES;
				CLANG_WARN_CONSTANT_CONVERSION = YES;
				CLANG_WARN_DIRECT_OBJC_ISA_USAGE = YES_ERROR;
				CLANG_WARN_DOCUMENTATION_COMMENTS = YES;
				CLANG_WARN_EMPTY_BODY = YES;
				CLANG_WARN_ENUM_CONVERSION = YES;
				CLANG_WARN_INFINITE_RECURSION = YES;
				CLANG_WARN_INT_CONVERSION = YES;
				CLANG_WARN_OBJC_ROOT_CLASS = YES_ERROR;
				CLANG_WARN_SUSPICIOUS_MOVES = YES;
				CLANG_WARN_UNREACHABLE_CODE = YES;
				CLANG_WARN__DUPLICATE_METHOD_MATCH = YES;
				"CODE_SIGN_IDENTITY[sdk=iphoneos*]" = "iPhone Developer";
				COPY_PHASE_STRIP = NO;
				DEBUG_INFORMATION_FORMAT = "dwarf-with-dsym";
				ENABLE_NS_ASSERTIONS = NO;
				ENABLE_STRICT_OBJC_MSGSEND = YES;
				GCC_C_LANGUAGE_STANDARD = gnu99;
				GCC_NO_COMMON_BLOCKS = YES;
				GCC_WARN_64_TO_32_BIT_CONVERSION = YES;
				GCC_WARN_ABOUT_RETURN_TYPE = YES_ERROR;
				GCC_WARN_UNDECLARED_SELECTOR = YES;
				GCC_WARN_UNINITIALIZED_AUTOS = YES_AGGRESSIVE;
				GCC_WARN_UNUSED_FUNCTION = YES;
				GCC_WARN_UNUSED_VARIABLE = YES;
				IPHONEOS_DEPLOYMENT_TARGET = 10.0;
				MTL_ENABLE_DEBUG_INFO = NO;
				SDKROOT = iphoneos;
				TARGETED_DEVICE_FAMILY = "1,2";
				VALIDATE_PRODUCT = YES;
			};
			name = Release;
		};
		155DE3D81DEEBE2D007CD6BF /* Debug */ = {
			isa = XCBuildConfiguration;
			buildSettings = {
				ASSETCATALOG_COMPILER_APPICON_NAME = AppIcon;
				DEVELOPMENT_TEAM = S4NUSJ3KDJ;
				FRAMEWORK_SEARCH_PATHS = (
					"$(inherited)",
					"$(PROJECT_DIR)",
				);
				HEADER_SEARCH_PATHS = "";
				INFOPLIST_FILE = PYInterflow/Info.plist;
				IPHONEOS_DEPLOYMENT_TARGET = 7.0;
				LD_RUNPATH_SEARCH_PATHS = "$(inherited) @executable_path/Frameworks";
				LIBRARY_SEARCH_PATHS = (
					"$(inherited)",
					"$(PROJECT_DIR)",
					"$(SRCROOT)",
					"$(PROJECT_DIR)/lib",
				);
				OTHER_LDFLAGS = "-ObjC";
				PRODUCT_BUNDLE_IDENTIFIER = wlpiaoyi.PYInterflow;
				PRODUCT_NAME = "$(TARGET_NAME)";
			};
			name = Debug;
		};
		155DE3D91DEEBE2D007CD6BF /* Release */ = {
			isa = XCBuildConfiguration;
			buildSettings = {
				ASSETCATALOG_COMPILER_APPICON_NAME = AppIcon;
				DEVELOPMENT_TEAM = S4NUSJ3KDJ;
				FRAMEWORK_SEARCH_PATHS = (
					"$(inherited)",
					"$(PROJECT_DIR)",
				);
				HEADER_SEARCH_PATHS = "";
				INFOPLIST_FILE = PYInterflow/Info.plist;
				IPHONEOS_DEPLOYMENT_TARGET = 7.0;
				LD_RUNPATH_SEARCH_PATHS = "$(inherited) @executable_path/Frameworks";
				LIBRARY_SEARCH_PATHS = (
					"$(inherited)",
					"$(PROJECT_DIR)",
					"$(SRCROOT)",
					"$(PROJECT_DIR)/lib",
				);
				OTHER_LDFLAGS = "-ObjC";
				PRODUCT_BUNDLE_IDENTIFIER = wlpiaoyi.PYInterflow;
				PRODUCT_NAME = "$(TARGET_NAME)";
			};
			name = Release;
		};
		1583E0851DFA7E2800AD48EA /* Debug */ = {
			isa = XCBuildConfiguration;
			buildSettings = {
				DEVELOPMENT_TEAM = S4NUSJ3KDJ;
				IPHONEOS_DEPLOYMENT_TARGET = 7.0;
				LIBRARY_SEARCH_PATHS = (
					"$(inherited)",
					"$(PROJECT_DIR)",
				);
				OTHER_LDFLAGS = "-ObjC";
				PRODUCT_NAME = "$(TARGET_NAME)";
				SKIP_INSTALL = YES;
			};
			name = Debug;
		};
		1583E0861DFA7E2800AD48EA /* Release */ = {
			isa = XCBuildConfiguration;
			buildSettings = {
				DEVELOPMENT_TEAM = S4NUSJ3KDJ;
				IPHONEOS_DEPLOYMENT_TARGET = 7.0;
				LIBRARY_SEARCH_PATHS = (
					"$(inherited)",
					"$(PROJECT_DIR)",
				);
				OTHER_LDFLAGS = "-ObjC";
				PRODUCT_NAME = "$(TARGET_NAME)";
				SKIP_INSTALL = YES;
			};
			name = Release;
		};
/* End XCBuildConfiguration section */

/* Begin XCConfigurationList section */
		155DE3BB1DEEBE2D007CD6BF /* Build configuration list for PBXProject "PYInterflow" */ = {
			isa = XCConfigurationList;
			buildConfigurations = (
				155DE3D51DEEBE2D007CD6BF /* Debug */,
				155DE3D61DEEBE2D007CD6BF /* Release */,
			);
			defaultConfigurationIsVisible = 0;
			defaultConfigurationName = Release;
		};
		155DE3D71DEEBE2D007CD6BF /* Build configuration list for PBXNativeTarget "PYInterflow" */ = {
			isa = XCConfigurationList;
			buildConfigurations = (
				155DE3D81DEEBE2D007CD6BF /* Debug */,
				155DE3D91DEEBE2D007CD6BF /* Release */,
			);
			defaultConfigurationIsVisible = 0;
			defaultConfigurationName = Release;
		};
		1583E0841DFA7E2800AD48EA /* Build configuration list for PBXNativeTarget "pyinterflowa" */ = {
			isa = XCConfigurationList;
			buildConfigurations = (
				1583E0851DFA7E2800AD48EA /* Debug */,
				1583E0861DFA7E2800AD48EA /* Release */,
			);
			defaultConfigurationIsVisible = 0;
			defaultConfigurationName = Release;
		};
/* End XCConfigurationList section */
	};
	rootObject = 155DE3B81DEEBE2D007CD6BF /* Project object */;
}
