// !$*UTF8*$!
{
	archiveVersion = 1;
	classes = {
	};
	objectVersion = 46;
	objects = {

/* Begin PBXBuildFile section */
		150112801DF7C2B400A45FA8 /* icon.png in Resources */ = {isa = PBXBuildFile; fileRef = 1501127F1DF7C2B400A45FA8 /* icon.png */; };
		150D04AD20A57E680051B2E7 /* UIView+Notify.m in Sources */ = {isa = PBXBuildFile; fileRef = 150D04AC20A57E680051B2E7 /* UIView+Notify.m */; };
		150D04B020A586810051B2E7 /* PYNotifyParam.m in Sources */ = {isa = PBXBuildFile; fileRef = 150D04AF20A586800051B2E7 /* PYNotifyParam.m */; };
		150D04B420A6B4B80051B2E7 /* UIView+Notify.h in CopyFiles */ = {isa = PBXBuildFile; fileRef = 150D04AB20A57E680051B2E7 /* UIView+Notify.h */; };
		150D04B520A6B4C40051B2E7 /* PYNotifyParam.m in Sources */ = {isa = PBXBuildFile; fileRef = 150D04AF20A586800051B2E7 /* PYNotifyParam.m */; };
		150D04B620A6B4C40051B2E7 /* UIView+Notify.m in Sources */ = {isa = PBXBuildFile; fileRef = 150D04AC20A57E680051B2E7 /* UIView+Notify.m */; };
		155D77BD206F2CB200B2CDDB /* PYMoveView.m in Sources */ = {isa = PBXBuildFile; fileRef = 155D77BC206F2CB200B2CDDB /* PYMoveView.m */; };
		155D77BE206F2F1C00B2CDDB /* PYMoveView.m in Sources */ = {isa = PBXBuildFile; fileRef = 155D77BC206F2CB200B2CDDB /* PYMoveView.m */; };
		155D77BF206F2F3400B2CDDB /* PYMoveView.h in CopyFiles */ = {isa = PBXBuildFile; fileRef = 155D77BB206F2CB200B2CDDB /* PYMoveView.h */; };
		155DE3C51DEEBE2D007CD6BF /* main.m in Sources */ = {isa = PBXBuildFile; fileRef = 155DE3C41DEEBE2D007CD6BF /* main.m */; };
		155DE3C81DEEBE2D007CD6BF /* AppDelegate.m in Sources */ = {isa = PBXBuildFile; fileRef = 155DE3C71DEEBE2D007CD6BF /* AppDelegate.m */; };
		155DE3CB1DEEBE2D007CD6BF /* ViewController.m in Sources */ = {isa = PBXBuildFile; fileRef = 155DE3CA1DEEBE2D007CD6BF /* ViewController.m */; };
		155DE3CE1DEEBE2D007CD6BF /* Main.storyboard in Resources */ = {isa = PBXBuildFile; fileRef = 155DE3CC1DEEBE2D007CD6BF /* Main.storyboard */; };
		155DE3D01DEEBE2D007CD6BF /* Assets.xcassets in Resources */ = {isa = PBXBuildFile; fileRef = 155DE3CF1DEEBE2D007CD6BF /* Assets.xcassets */; };
		155DE3D31DEEBE2D007CD6BF /* LaunchScreen.storyboard in Resources */ = {isa = PBXBuildFile; fileRef = 155DE3D11DEEBE2D007CD6BF /* LaunchScreen.storyboard */; };
		1583E0591DFA51BC00AD48EA /* PYInterflowParams.m in Sources */ = {isa = PBXBuildFile; fileRef = 1583E03B1DFA51BC00AD48EA /* PYInterflowParams.m */; };
		1583E05A1DFA51BC00AD48EA /* PYInterflowWindow.m in Sources */ = {isa = PBXBuildFile; fileRef = 1583E03D1DFA51BC00AD48EA /* PYInterflowWindow.m */; };
		1583E05B1DFA51BC00AD48EA /* UIView+Popup.m in Sources */ = {isa = PBXBuildFile; fileRef = 1583E03F1DFA51BC00AD48EA /* UIView+Popup.m */; };
		1583E05D1DFA51BC00AD48EA /* PYPopupParam.m in Sources */ = {isa = PBXBuildFile; fileRef = 1583E0431DFA51BC00AD48EA /* PYPopupParam.m */; };
		1583E05E1DFA51BC00AD48EA /* PYDialogButtonView.m in Sources */ = {isa = PBXBuildFile; fileRef = 1583E0461DFA51BC00AD48EA /* PYDialogButtonView.m */; };
		1583E05F1DFA51BC00AD48EA /* PYDialogMessageView.m in Sources */ = {isa = PBXBuildFile; fileRef = 1583E0481DFA51BC00AD48EA /* PYDialogMessageView.m */; };
		1583E0601DFA51BC00AD48EA /* PYDialogParam.m in Sources */ = {isa = PBXBuildFile; fileRef = 1583E04A1DFA51BC00AD48EA /* PYDialogParam.m */; };
		1583E0611DFA51BC00AD48EA /* PYDialogTitleView.m in Sources */ = {isa = PBXBuildFile; fileRef = 1583E04C1DFA51BC00AD48EA /* PYDialogTitleView.m */; };
		1583E0621DFA51BC00AD48EA /* UIView+Dialog.m in Sources */ = {isa = PBXBuildFile; fileRef = 1583E04E1DFA51BC00AD48EA /* UIView+Dialog.m */; };
		1583E0631DFA51BC00AD48EA /* PYSheetHeadView.m in Sources */ = {isa = PBXBuildFile; fileRef = 1583E0511DFA51BC00AD48EA /* PYSheetHeadView.m */; };
		1583E0641DFA51BC00AD48EA /* PYSheetParam.m in Sources */ = {isa = PBXBuildFile; fileRef = 1583E0531DFA51BC00AD48EA /* PYSheetParam.m */; };
		1583E0661DFA51BC00AD48EA /* UIView+Sheet.m in Sources */ = {isa = PBXBuildFile; fileRef = 1583E0571DFA51BC00AD48EA /* UIView+Sheet.m */; };
		1583E0691DFA52A000AD48EA /* UIView+Toast.m in Sources */ = {isa = PBXBuildFile; fileRef = 1583E0681DFA52A000AD48EA /* UIView+Toast.m */; };
		1583E06C1DFA53E100AD48EA /* PYToastParam.m in Sources */ = {isa = PBXBuildFile; fileRef = 1583E06B1DFA53E100AD48EA /* PYToastParam.m */; };
		1583E0831DFA7E2800AD48EA /* pyinterflowa.h in CopyFiles */ = {isa = PBXBuildFile; fileRef = 1583E0801DFA7E2800AD48EA /* pyinterflowa.h */; };
		1583E0871DFA7EBF00AD48EA /* PYInterflowParams.m in Sources */ = {isa = PBXBuildFile; fileRef = 1583E03B1DFA51BC00AD48EA /* PYInterflowParams.m */; };
		1583E0881DFA7EBF00AD48EA /* PYInterflowWindow.m in Sources */ = {isa = PBXBuildFile; fileRef = 1583E03D1DFA51BC00AD48EA /* PYInterflowWindow.m */; };
		1583E0891DFA7EBF00AD48EA /* UIView+Popup.m in Sources */ = {isa = PBXBuildFile; fileRef = 1583E03F1DFA51BC00AD48EA /* UIView+Popup.m */; };
		1583E08B1DFA7EBF00AD48EA /* PYPopupParam.m in Sources */ = {isa = PBXBuildFile; fileRef = 1583E0431DFA51BC00AD48EA /* PYPopupParam.m */; };
		1583E08C1DFA7EBF00AD48EA /* PYDialogButtonView.m in Sources */ = {isa = PBXBuildFile; fileRef = 1583E0461DFA51BC00AD48EA /* PYDialogButtonView.m */; };
		1583E08D1DFA7EBF00AD48EA /* PYDialogMessageView.m in Sources */ = {isa = PBXBuildFile; fileRef = 1583E0481DFA51BC00AD48EA /* PYDialogMessageView.m */; };
		1583E08E1DFA7EBF00AD48EA /* PYDialogParam.m in Sources */ = {isa = PBXBuildFile; fileRef = 1583E04A1DFA51BC00AD48EA /* PYDialogParam.m */; };
		1583E08F1DFA7EBF00AD48EA /* PYDialogTitleView.m in Sources */ = {isa = PBXBuildFile; fileRef = 1583E04C1DFA51BC00AD48EA /* PYDialogTitleView.m */; };
		1583E0901DFA7EBF00AD48EA /* UIView+Dialog.m in Sources */ = {isa = PBXBuildFile; fileRef = 1583E04E1DFA51BC00AD48EA /* UIView+Dialog.m */; };
		1583E0911DFA7EBF00AD48EA /* PYSheetHeadView.m in Sources */ = {isa = PBXBuildFile; fileRef = 1583E0511DFA51BC00AD48EA /* PYSheetHeadView.m */; };
		1583E0921DFA7EBF00AD48EA /* PYSheetParam.m in Sources */ = {isa = PBXBuildFile; fileRef = 1583E0531DFA51BC00AD48EA /* PYSheetParam.m */; };
		1583E0931DFA7EBF00AD48EA /* UIView+Sheet.m in Sources */ = {isa = PBXBuildFile; fileRef = 1583E0571DFA51BC00AD48EA /* UIView+Sheet.m */; };
		1583E0941DFA7EBF00AD48EA /* UIView+Toast.m in Sources */ = {isa = PBXBuildFile; fileRef = 1583E0681DFA52A000AD48EA /* UIView+Toast.m */; };
		1583E0951DFA7EBF00AD48EA /* PYToastParam.m in Sources */ = {isa = PBXBuildFile; fileRef = 1583E06B1DFA53E100AD48EA /* PYToastParam.m */; };
		1583E09C1DFA7EF100AD48EA /* PYInterflowParams.h in CopyFiles */ = {isa = PBXBuildFile; fileRef = 1583E03A1DFA51BC00AD48EA /* PYInterflowParams.h */; };
		1583E09D1DFA7EF100AD48EA /* UIView+Popup.h in CopyFiles */ = {isa = PBXBuildFile; fileRef = 1583E03E1DFA51BC00AD48EA /* UIView+Popup.h */; };
		1583E09F1DFA7EF100AD48EA /* UIView+Dialog.h in CopyFiles */ = {isa = PBXBuildFile; fileRef = 1583E04D1DFA51BC00AD48EA /* UIView+Dialog.h */; };
		1583E0A01DFA7EF100AD48EA /* UIView+Sheet.h in CopyFiles */ = {isa = PBXBuildFile; fileRef = 1583E0561DFA51BC00AD48EA /* UIView+Sheet.h */; };
		1583E0D21DFA824200AD48EA /* UIView+Toast.h in CopyFiles */ = {isa = PBXBuildFile; fileRef = 1583E0671DFA52A000AD48EA /* UIView+Toast.h */; };
		15C5FB921DF67AA400FF2C75 /* libpyutilea.a in Frameworks */ = {isa = PBXBuildFile; fileRef = 15C5FB911DF67AA400FF2C75 /* libpyutilea.a */; };
		15D95B681FD7E929001BEF94 /* libpyutilea.a in Frameworks */ = {isa = PBXBuildFile; fileRef = 15D95B461FD7E929001BEF94 /* libpyutilea.a */; };
		15EABAF320A2A90C0073D4EF /* PYInterflow.bundle in Resources */ = {isa = PBXBuildFile; fileRef = 15EABAF220A2A90C0073D4EF /* PYInterflow.bundle */; };
/* End PBXBuildFile section */

/* Begin PBXCopyFilesBuildPhase section */
		1583E07C1DFA7E2800AD48EA /* CopyFiles */ = {
			isa = PBXCopyFilesBuildPhase;
			buildActionMask = 2147483647;
			dstPath = "$(PRODUCT_NAME)";
			dstSubfolderSpec = 16;
			files = (
				150D04B420A6B4B80051B2E7 /* UIView+Notify.h in CopyFiles */,
				155D77BF206F2F3400B2CDDB /* PYMoveView.h in CopyFiles */,
				1583E0D21DFA824200AD48EA /* UIView+Toast.h in CopyFiles */,
				1583E09C1DFA7EF100AD48EA /* PYInterflowParams.h in CopyFiles */,
				1583E09D1DFA7EF100AD48EA /* UIView+Popup.h in CopyFiles */,
				1583E09F1DFA7EF100AD48EA /* UIView+Dialog.h in CopyFiles */,
				1583E0A01DFA7EF100AD48EA /* UIView+Sheet.h in CopyFiles */,
				1583E0831DFA7E2800AD48EA /* pyinterflowa.h in CopyFiles */,
			);
			runOnlyForDeploymentPostprocessing = 0;
		};
/* End PBXCopyFilesBuildPhase section */

/* Begin PBXFileReference section */
		1501127F1DF7C2B400A45FA8 /* icon.png */ = {isa = PBXFileReference; lastKnownFileType = image.png; path = icon.png; sourceTree = "<group>"; };
		150D04AB20A57E680051B2E7 /* UIView+Notify.h */ = {isa = PBXFileReference; lastKnownFileType = sourcecode.c.h; name = "UIView+Notify.h"; path = "PYInterflow/Source/Notify/UIView+Notify.h"; sourceTree = SOURCE_ROOT; };
		150D04AC20A57E680051B2E7 /* UIView+Notify.m */ = {isa = PBXFileReference; lastKnownFileType = sourcecode.c.objc; name = "UIView+Notify.m"; path = "PYInterflow/Source/Notify/UIView+Notify.m"; sourceTree = SOURCE_ROOT; };
		150D04AE20A586800051B2E7 /* PYNotifyParam.h */ = {isa = PBXFileReference; fileEncoding = 4; lastKnownFileType = sourcecode.c.h; name = PYNotifyParam.h; path = PYInterflow/Source/Notify/PYNotifyParam.h; sourceTree = SOURCE_ROOT; };
		150D04AF20A586800051B2E7 /* PYNotifyParam.m */ = {isa = PBXFileReference; fileEncoding = 4; lastKnownFileType = sourcecode.c.objc; name = PYNotifyParam.m; path = PYInterflow/Source/Notify/PYNotifyParam.m; sourceTree = SOURCE_ROOT; };
		155D77BB206F2CB200B2CDDB /* PYMoveView.h */ = {isa = PBXFileReference; lastKnownFileType = sourcecode.c.h; path = PYMoveView.h; sourceTree = "<group>"; };
		155D77BC206F2CB200B2CDDB /* PYMoveView.m */ = {isa = PBXFileReference; lastKnownFileType = sourcecode.c.objc; path = PYMoveView.m; sourceTree = "<group>"; };
		155DE3C01DEEBE2D007CD6BF /* PYInterflow.app */ = {isa = PBXFileReference; explicitFileType = wrapper.application; includeInIndex = 0; path = PYInterflow.app; sourceTree = BUILT_PRODUCTS_DIR; };
		155DE3C41DEEBE2D007CD6BF /* main.m */ = {isa = PBXFileReference; lastKnownFileType = sourcecode.c.objc; path = main.m; sourceTree = "<group>"; };
		155DE3C61DEEBE2D007CD6BF /* AppDelegate.h */ = {isa = PBXFileReference; lastKnownFileType = sourcecode.c.h; path = AppDelegate.h; sourceTree = "<group>"; };
		155DE3C71DEEBE2D007CD6BF /* AppDelegate.m */ = {isa = PBXFileReference; lastKnownFileType = sourcecode.c.objc; path = AppDelegate.m; sourceTree = "<group>"; };
		155DE3C91DEEBE2D007CD6BF /* ViewController.h */ = {isa = PBXFileReference; lastKnownFileType = sourcecode.c.h; path = ViewController.h; sourceTree = "<group>"; };
		155DE3CA1DEEBE2D007CD6BF /* ViewController.m */ = {isa = PBXFileReference; lastKnownFileType = sourcecode.c.objc; path = ViewController.m; sourceTree = "<group>"; };
		155DE3CD1DEEBE2D007CD6BF /* Base */ = {isa = PBXFileReference; lastKnownFileType = file.storyboard; name = Base; path = Base.lproj/Main.storyboard; sourceTree = "<group>"; };
		155DE3CF1DEEBE2D007CD6BF /* Assets.xcassets */ = {isa = PBXFileReference; lastKnownFileType = folder.assetcatalog; path = Assets.xcassets; sourceTree = "<group>"; };
		155DE3D21DEEBE2D007CD6BF /* Base */ = {isa = PBXFileReference; lastKnownFileType = file.storyboard; name = Base; path = Base.lproj/LaunchScreen.storyboard; sourceTree = "<group>"; };
		155DE3D41DEEBE2D007CD6BF /* Info.plist */ = {isa = PBXFileReference; lastKnownFileType = text.plist.xml; path = Info.plist; sourceTree = "<group>"; };
		1583E03A1DFA51BC00AD48EA /* PYInterflowParams.h */ = {isa = PBXFileReference; fileEncoding = 4; lastKnownFileType = sourcecode.c.h; path = PYInterflowParams.h; sourceTree = "<group>"; };
		1583E03B1DFA51BC00AD48EA /* PYInterflowParams.m */ = {isa = PBXFileReference; fileEncoding = 4; lastKnownFileType = sourcecode.c.objc; path = PYInterflowParams.m; sourceTree = "<group>"; };
		1583E03C1DFA51BC00AD48EA /* PYInterflowWindow.h */ = {isa = PBXFileReference; fileEncoding = 4; lastKnownFileType = sourcecode.c.h; path = PYInterflowWindow.h; sourceTree = "<group>"; };
		1583E03D1DFA51BC00AD48EA /* PYInterflowWindow.m */ = {isa = PBXFileReference; fileEncoding = 4; lastKnownFileType = sourcecode.c.objc; path = PYInterflowWindow.m; sourceTree = "<group>"; };
		1583E03E1DFA51BC00AD48EA /* UIView+Popup.h */ = {isa = PBXFileReference; fileEncoding = 4; lastKnownFileType = sourcecode.c.h; path = "UIView+Popup.h"; sourceTree = "<group>"; };
		1583E03F1DFA51BC00AD48EA /* UIView+Popup.m */ = {isa = PBXFileReference; fileEncoding = 4; lastKnownFileType = sourcecode.c.objc; path = "UIView+Popup.m"; sourceTree = "<group>"; };
		1583E0421DFA51BC00AD48EA /* PYPopupParam.h */ = {isa = PBXFileReference; fileEncoding = 4; lastKnownFileType = sourcecode.c.h; path = PYPopupParam.h; sourceTree = "<group>"; };
		1583E0431DFA51BC00AD48EA /* PYPopupParam.m */ = {isa = PBXFileReference; fileEncoding = 4; lastKnownFileType = sourcecode.c.objc; path = PYPopupParam.m; sourceTree = "<group>"; };
		1583E0451DFA51BC00AD48EA /* PYDialogButtonView.h */ = {isa = PBXFileReference; fileEncoding = 4; lastKnownFileType = sourcecode.c.h; path = PYDialogButtonView.h; sourceTree = "<group>"; };
		1583E0461DFA51BC00AD48EA /* PYDialogButtonView.m */ = {isa = PBXFileReference; fileEncoding = 4; lastKnownFileType = sourcecode.c.objc; path = PYDialogButtonView.m; sourceTree = "<group>"; };
		1583E0471DFA51BC00AD48EA /* PYDialogMessageView.h */ = {isa = PBXFileReference; fileEncoding = 4; lastKnownFileType = sourcecode.c.h; path = PYDialogMessageView.h; sourceTree = "<group>"; };
		1583E0481DFA51BC00AD48EA /* PYDialogMessageView.m */ = {isa = PBXFileReference; fileEncoding = 4; lastKnownFileType = sourcecode.c.objc; path = PYDialogMessageView.m; sourceTree = "<group>"; };
		1583E0491DFA51BC00AD48EA /* PYDialogParam.h */ = {isa = PBXFileReference; fileEncoding = 4; lastKnownFileType = sourcecode.c.h; path = PYDialogParam.h; sourceTree = "<group>"; };
		1583E04A1DFA51BC00AD48EA /* PYDialogParam.m */ = {isa = PBXFileReference; fileEncoding = 4; lastKnownFileType = sourcecode.c.objc; path = PYDialogParam.m; sourceTree = "<group>"; };
		1583E04B1DFA51BC00AD48EA /* PYDialogTitleView.h */ = {isa = PBXFileReference; fileEncoding = 4; lastKnownFileType = sourcecode.c.h; path = PYDialogTitleView.h; sourceTree = "<group>"; };
		1583E04C1DFA51BC00AD48EA /* PYDialogTitleView.m */ = {isa = PBXFileReference; fileEncoding = 4; lastKnownFileType = sourcecode.c.objc; path = PYDialogTitleView.m; sourceTree = "<group>"; };
		1583E04D1DFA51BC00AD48EA /* UIView+Dialog.h */ = {isa = PBXFileReference; fileEncoding = 4; lastKnownFileType = sourcecode.c.h; path = "UIView+Dialog.h"; sourceTree = "<group>"; };
		1583E04E1DFA51BC00AD48EA /* UIView+Dialog.m */ = {isa = PBXFileReference; fileEncoding = 4; lastKnownFileType = sourcecode.c.objc; path = "UIView+Dialog.m"; sourceTree = "<group>"; };
		1583E0501DFA51BC00AD48EA /* PYSheetHeadView.h */ = {isa = PBXFileReference; fileEncoding = 4; lastKnownFileType = sourcecode.c.h; path = PYSheetHeadView.h; sourceTree = "<group>"; };
		1583E0511DFA51BC00AD48EA /* PYSheetHeadView.m */ = {isa = PBXFileReference; fileEncoding = 4; lastKnownFileType = sourcecode.c.objc; path = PYSheetHeadView.m; sourceTree = "<group>"; };
		1583E0521DFA51BC00AD48EA /* PYSheetParam.h */ = {isa = PBXFileReference; fileEncoding = 4; lastKnownFileType = sourcecode.c.h; path = PYSheetParam.h; sourceTree = "<group>"; };
		1583E0531DFA51BC00AD48EA /* PYSheetParam.m */ = {isa = PBXFileReference; fileEncoding = 4; lastKnownFileType = sourcecode.c.objc; path = PYSheetParam.m; sourceTree = "<group>"; };
		1583E0561DFA51BC00AD48EA /* UIView+Sheet.h */ = {isa = PBXFileReference; fileEncoding = 4; lastKnownFileType = sourcecode.c.h; path = "UIView+Sheet.h"; sourceTree = "<group>"; };
		1583E0571DFA51BC00AD48EA /* UIView+Sheet.m */ = {isa = PBXFileReference; fileEncoding = 4; lastKnownFileType = sourcecode.c.objc; path = "UIView+Sheet.m"; sourceTree = "<group>"; };
		1583E0671DFA52A000AD48EA /* UIView+Toast.h */ = {isa = PBXFileReference; fileEncoding = 4; lastKnownFileType = sourcecode.c.h; path = "UIView+Toast.h"; sourceTree = "<group>"; };
		1583E0681DFA52A000AD48EA /* UIView+Toast.m */ = {isa = PBXFileReference; fileEncoding = 4; lastKnownFileType = sourcecode.c.objc; path = "UIView+Toast.m"; sourceTree = "<group>"; };
		1583E06A1DFA53E100AD48EA /* PYToastParam.h */ = {isa = PBXFileReference; fileEncoding = 4; lastKnownFileType = sourcecode.c.h; path = PYToastParam.h; sourceTree = "<group>"; };
		1583E06B1DFA53E100AD48EA /* PYToastParam.m */ = {isa = PBXFileReference; fileEncoding = 4; lastKnownFileType = sourcecode.c.objc; path = PYToastParam.m; sourceTree = "<group>"; };
		1583E07E1DFA7E2800AD48EA /* libpyinterflowa.a */ = {isa = PBXFileReference; explicitFileType = archive.ar; includeInIndex = 0; path = libpyinterflowa.a; sourceTree = BUILT_PRODUCTS_DIR; };
		1583E0801DFA7E2800AD48EA /* pyinterflowa.h */ = {isa = PBXFileReference; lastKnownFileType = sourcecode.c.h; path = pyinterflowa.h; sourceTree = "<group>"; };
		15C5FB911DF67AA400FF2C75 /* libpyutilea.a */ = {isa = PBXFileReference; lastKnownFileType = archive.ar; path = libpyutilea.a; sourceTree = "<group>"; };
		15D95B461FD7E929001BEF94 /* libpyutilea.a */ = {isa = PBXFileReference; lastKnownFileType = archive.ar; path = libpyutilea.a; sourceTree = "<group>"; };
		15D95B481FD7E929001BEF94 /* EXTScope.h */ = {isa = PBXFileReference; fileEncoding = 4; lastKnownFileType = sourcecode.c.h; path = EXTScope.h; sourceTree = "<group>"; };
		15D95B491FD7E929001BEF94 /* metamacros.h */ = {isa = PBXFileReference; fileEncoding = 4; lastKnownFileType = sourcecode.c.h; path = metamacros.h; sourceTree = "<group>"; };
		15D95B4A1FD7E929001BEF94 /* NSArray+Expand.h */ = {isa = PBXFileReference; fileEncoding = 4; lastKnownFileType = sourcecode.c.h; path = "NSArray+Expand.h"; sourceTree = "<group>"; };
		15D95B4B1FD7E929001BEF94 /* NSData+Expand.h */ = {isa = PBXFileReference; fileEncoding = 4; lastKnownFileType = sourcecode.c.h; path = "NSData+Expand.h"; sourceTree = "<group>"; };
		15D95B4C1FD7E929001BEF94 /* NSDate+Expand.h */ = {isa = PBXFileReference; fileEncoding = 4; lastKnownFileType = sourcecode.c.h; path = "NSDate+Expand.h"; sourceTree = "<group>"; };
		15D95B4D1FD7E929001BEF94 /* NSDictionary+Expand.h */ = {isa = PBXFileReference; fileEncoding = 4; lastKnownFileType = sourcecode.c.h; path = "NSDictionary+Expand.h"; sourceTree = "<group>"; };
		15D95B4E1FD7E929001BEF94 /* NSNumber+Expand.h */ = {isa = PBXFileReference; fileEncoding = 4; lastKnownFileType = sourcecode.c.h; path = "NSNumber+Expand.h"; sourceTree = "<group>"; };
		15D95B4F1FD7E929001BEF94 /* NSObject+Expand.h */ = {isa = PBXFileReference; fileEncoding = 4; lastKnownFileType = sourcecode.c.h; path = "NSObject+Expand.h"; sourceTree = "<group>"; };
		15D95B501FD7E929001BEF94 /* NSString+Expand.h */ = {isa = PBXFileReference; fileEncoding = 4; lastKnownFileType = sourcecode.c.h; path = "NSString+Expand.h"; sourceTree = "<group>"; };
		15D95B511FD7E929001BEF94 /* PYGraphicsDraw.h */ = {isa = PBXFileReference; fileEncoding = 4; lastKnownFileType = sourcecode.c.h; path = PYGraphicsDraw.h; sourceTree = "<group>"; };
		15D95B521FD7E929001BEF94 /* PYGraphicsThumb.h */ = {isa = PBXFileReference; fileEncoding = 4; lastKnownFileType = sourcecode.c.h; path = PYGraphicsThumb.h; sourceTree = "<group>"; };
		15D95B531FD7E929001BEF94 /* PYHook.h */ = {isa = PBXFileReference; fileEncoding = 4; lastKnownFileType = sourcecode.c.h; path = PYHook.h; sourceTree = "<group>"; };
		15D95B541FD7E929001BEF94 /* PYInvoke.h */ = {isa = PBXFileReference; fileEncoding = 4; lastKnownFileType = sourcecode.c.h; path = PYInvoke.h; sourceTree = "<group>"; };
		15D95B551FD7E929001BEF94 /* PYKeyboardNotification.h */ = {isa = PBXFileReference; fileEncoding = 4; lastKnownFileType = sourcecode.c.h; path = PYKeyboardNotification.h; sourceTree = "<group>"; };
		15D95B561FD7E929001BEF94 /* PYMotionNotification.h */ = {isa = PBXFileReference; fileEncoding = 4; lastKnownFileType = sourcecode.c.h; path = PYMotionNotification.h; sourceTree = "<group>"; };
		15D95B571FD7E929001BEF94 /* PYOrientationNotification.h */ = {isa = PBXFileReference; fileEncoding = 4; lastKnownFileType = sourcecode.c.h; path = PYOrientationNotification.h; sourceTree = "<group>"; };
		15D95B5A1FD7E929001BEF94 /* PYUncaughtExceptionHandler.h */ = {isa = PBXFileReference; fileEncoding = 4; lastKnownFileType = sourcecode.c.h; path = PYUncaughtExceptionHandler.h; sourceTree = "<group>"; };
		15D95B5B1FD7E929001BEF94 /* PYUtile.h */ = {isa = PBXFileReference; fileEncoding = 4; lastKnownFileType = sourcecode.c.h; path = PYUtile.h; sourceTree = "<group>"; };
		15D95B5C1FD7E929001BEF94 /* pyutilea.h */ = {isa = PBXFileReference; fileEncoding = 4; lastKnownFileType = sourcecode.c.h; path = pyutilea.h; sourceTree = "<group>"; };
		15D95B5D1FD7E929001BEF94 /* PYViewAutolayoutCenter.h */ = {isa = PBXFileReference; fileEncoding = 4; lastKnownFileType = sourcecode.c.h; path = PYViewAutolayoutCenter.h; sourceTree = "<group>"; };
		15D95B5E1FD7E929001BEF94 /* PYXml.h */ = {isa = PBXFileReference; fileEncoding = 4; lastKnownFileType = sourcecode.c.h; path = PYXml.h; sourceTree = "<group>"; };
		15D95B5F1FD7E929001BEF94 /* UIColor+Expand.h */ = {isa = PBXFileReference; fileEncoding = 4; lastKnownFileType = sourcecode.c.h; path = "UIColor+Expand.h"; sourceTree = "<group>"; };
		15D95B601FD7E929001BEF94 /* UIImage+Expand.h */ = {isa = PBXFileReference; fileEncoding = 4; lastKnownFileType = sourcecode.c.h; path = "UIImage+Expand.h"; sourceTree = "<group>"; };
		15D95B611FD7E929001BEF94 /* UILable+Expand.h */ = {isa = PBXFileReference; fileEncoding = 4; lastKnownFileType = sourcecode.c.h; path = "UILable+Expand.h"; sourceTree = "<group>"; };
		15D95B621FD7E929001BEF94 /* UIResponder+Hook.h */ = {isa = PBXFileReference; fileEncoding = 4; lastKnownFileType = sourcecode.c.h; path = "UIResponder+Hook.h"; sourceTree = "<group>"; };
		15D95B631FD7E929001BEF94 /* UIView+Expand.h */ = {isa = PBXFileReference; fileEncoding = 4; lastKnownFileType = sourcecode.c.h; path = "UIView+Expand.h"; sourceTree = "<group>"; };
		15D95B641FD7E929001BEF94 /* UIView+Hook.h */ = {isa = PBXFileReference; fileEncoding = 4; lastKnownFileType = sourcecode.c.h; path = "UIView+Hook.h"; sourceTree = "<group>"; };
		15D95B651FD7E929001BEF94 /* UIViewController+Hook.h */ = {isa = PBXFileReference; fileEncoding = 4; lastKnownFileType = sourcecode.c.h; path = "UIViewController+Hook.h"; sourceTree = "<group>"; };
		15D95B661FD7E929001BEF94 /* UIViewController+HookOrientation.h */ = {isa = PBXFileReference; fileEncoding = 4; lastKnownFileType = sourcecode.c.h; path = "UIViewController+HookOrientation.h"; sourceTree = "<group>"; };
		15D95B671FD7E929001BEF94 /* UIViewController+HookView.h */ = {isa = PBXFileReference; fileEncoding = 4; lastKnownFileType = sourcecode.c.h; path = "UIViewController+HookView.h"; sourceTree = "<group>"; };
		15EABAF220A2A90C0073D4EF /* PYInterflow.bundle */ = {isa = PBXFileReference; lastKnownFileType = "wrapper.plug-in"; path = PYInterflow.bundle; sourceTree = "<group>"; };
/* End PBXFileReference section */

/* Begin PBXFrameworksBuildPhase section */
		155DE3BD1DEEBE2D007CD6BF /* Frameworks */ = {
			isa = PBXFrameworksBuildPhase;
			buildActionMask = 2147483647;
			files = (
				15D95B681FD7E929001BEF94 /* libpyutilea.a in Frameworks */,
				15C5FB921DF67AA400FF2C75 /* libpyutilea.a in Frameworks */,
			);
			runOnlyForDeploymentPostprocessing = 0;
		};
		1583E07B1DFA7E2800AD48EA /* Frameworks */ = {
			isa = PBXFrameworksBuildPhase;
			buildActionMask = 2147483647;
			files = (
			);
			runOnlyForDeploymentPostprocessing = 0;
		};
/* End PBXFrameworksBuildPhase section */

/* Begin PBXGroup section */
		1501127E1DF7C2B400A45FA8 /* Images */ = {
			isa = PBXGroup;
			children = (
				1501127F1DF7C2B400A45FA8 /* icon.png */,
			);
			path = Images;
			sourceTree = "<group>";
		};
		1534C46A21720AC600775C07 /* Popup */ = {
			isa = PBXGroup;
			children = (
				1583E03E1DFA51BC00AD48EA /* UIView+Popup.h */,
				1583E03F1DFA51BC00AD48EA /* UIView+Popup.m */,
				1583E0421DFA51BC00AD48EA /* PYPopupParam.h */,
				1583E0431DFA51BC00AD48EA /* PYPopupParam.m */,
			);
			name = Popup;
			path = "New Group";
			sourceTree = "<group>";
		};
		155DE3B71DEEBE2D007CD6BF = {
			isa = PBXGroup;
			children = (
				15EABAF220A2A90C0073D4EF /* PYInterflow.bundle */,
				1563657E1F90B80500A209D6 /* lib */,
				155DE3C21DEEBE2D007CD6BF /* PYInterflow */,
				1583E07F1DFA7E2800AD48EA /* pyinterflowa */,
				155DE3C11DEEBE2D007CD6BF /* Products */,
				155DE44B1DEEC8D7007CD6BF /* Frameworks */,
			);
			sourceTree = "<group>";
		};
		155DE3C11DEEBE2D007CD6BF /* Products */ = {
			isa = PBXGroup;
			children = (
				155DE3C01DEEBE2D007CD6BF /* PYInterflow.app */,
				1583E07E1DFA7E2800AD48EA /* libpyinterflowa.a */,
			);
			name = Products;
			sourceTree = "<group>";
		};
		155DE3C21DEEBE2D007CD6BF /* PYInterflow */ = {
			isa = PBXGroup;
			children = (
				1583E0381DFA51BC00AD48EA /* Source */,
				1501127E1DF7C2B400A45FA8 /* Images */,
				155DE3C61DEEBE2D007CD6BF /* AppDelegate.h */,
				155DE3C71DEEBE2D007CD6BF /* AppDelegate.m */,
				155DE3C91DEEBE2D007CD6BF /* ViewController.h */,
				155DE3CA1DEEBE2D007CD6BF /* ViewController.m */,
				155DE3CC1DEEBE2D007CD6BF /* Main.storyboard */,
				155DE3CF1DEEBE2D007CD6BF /* Assets.xcassets */,
				155DE3D11DEEBE2D007CD6BF /* LaunchScreen.storyboard */,
				155DE3D41DEEBE2D007CD6BF /* Info.plist */,
				155DE3C31DEEBE2D007CD6BF /* Supporting Files */,
			);
			path = PYInterflow;
			sourceTree = "<group>";
		};
		155DE3C31DEEBE2D007CD6BF /* Supporting Files */ = {
			isa = PBXGroup;
			children = (
				155DE3C41DEEBE2D007CD6BF /* main.m */,
			);
			name = "Supporting Files";
			sourceTree = "<group>";
		};
		155DE44B1DEEC8D7007CD6BF /* Frameworks */ = {
			isa = PBXGroup;
			children = (
				15C5FB911DF67AA400FF2C75 /* libpyutilea.a */,
			);
			name = Frameworks;
			sourceTree = "<group>";
		};
		1563657E1F90B80500A209D6 /* lib */ = {
			isa = PBXGroup;
			children = (
				15D95B451FD7E929001BEF94 /* pyutile */,
			);
			path = lib;
			sourceTree = "<group>";
		};
		1583E0381DFA51BC00AD48EA /* Source */ = {
			isa = PBXGroup;
			children = (
				1534C46A21720AC600775C07 /* Popup */,
				1583E0391DFA51BC00AD48EA /* Basic */,
				15F2A9DE20A880F00023ACCE /* Notify */,
				1583E0441DFA51BC00AD48EA /* Dialog */,
				1583E04F1DFA51BC00AD48EA /* Sheet */,
				1583E0581DFA51BC00AD48EA /* Toast */,
			);
			path = Source;
			sourceTree = "<group>";
		};
		1583E0391DFA51BC00AD48EA /* Basic */ = {
			isa = PBXGroup;
			children = (
				1583E03A1DFA51BC00AD48EA /* PYInterflowParams.h */,
				1583E03B1DFA51BC00AD48EA /* PYInterflowParams.m */,
				1583E03C1DFA51BC00AD48EA /* PYInterflowWindow.h */,
				1583E03D1DFA51BC00AD48EA /* PYInterflowWindow.m */,
				155D77BB206F2CB200B2CDDB /* PYMoveView.h */,
				155D77BC206F2CB200B2CDDB /* PYMoveView.m */,
			);
			path = Basic;
			sourceTree = "<group>";
		};
		1583E0441DFA51BC00AD48EA /* Dialog */ = {
			isa = PBXGroup;
			children = (
				1583E0451DFA51BC00AD48EA /* PYDialogButtonView.h */,
				1583E0461DFA51BC00AD48EA /* PYDialogButtonView.m */,
				1583E0471DFA51BC00AD48EA /* PYDialogMessageView.h */,
				1583E0481DFA51BC00AD48EA /* PYDialogMessageView.m */,
				1583E0491DFA51BC00AD48EA /* PYDialogParam.h */,
				1583E04A1DFA51BC00AD48EA /* PYDialogParam.m */,
				1583E04B1DFA51BC00AD48EA /* PYDialogTitleView.h */,
				1583E04C1DFA51BC00AD48EA /* PYDialogTitleView.m */,
				1583E04D1DFA51BC00AD48EA /* UIView+Dialog.h */,
				1583E04E1DFA51BC00AD48EA /* UIView+Dialog.m */,
			);
			path = Dialog;
			sourceTree = "<group>";
		};
		1583E04F1DFA51BC00AD48EA /* Sheet */ = {
			isa = PBXGroup;
			children = (
				1583E0501DFA51BC00AD48EA /* PYSheetHeadView.h */,
				1583E0511DFA51BC00AD48EA /* PYSheetHeadView.m */,
				1583E0521DFA51BC00AD48EA /* PYSheetParam.h */,
				1583E0531DFA51BC00AD48EA /* PYSheetParam.m */,
				1583E0561DFA51BC00AD48EA /* UIView+Sheet.h */,
				1583E0571DFA51BC00AD48EA /* UIView+Sheet.m */,
			);
			path = Sheet;
			sourceTree = "<group>";
		};
		1583E0581DFA51BC00AD48EA /* Toast */ = {
			isa = PBXGroup;
			children = (
				1583E0671DFA52A000AD48EA /* UIView+Toast.h */,
				1583E0681DFA52A000AD48EA /* UIView+Toast.m */,
				1583E06A1DFA53E100AD48EA /* PYToastParam.h */,
				1583E06B1DFA53E100AD48EA /* PYToastParam.m */,
			);
			name = Toast;
			path = TopBar;
			sourceTree = "<group>";
		};
		1583E07F1DFA7E2800AD48EA /* pyinterflowa */ = {
			isa = PBXGroup;
			children = (
				1583E0801DFA7E2800AD48EA /* pyinterflowa.h */,
			);
			path = pyinterflowa;
			sourceTree = "<group>";
		};
		15D95B451FD7E929001BEF94 /* pyutile */ = {
			isa = PBXGroup;
			children = (
				15D95B461FD7E929001BEF94 /* libpyutilea.a */,
				15D95B471FD7E929001BEF94 /* pyutilea */,
			);
			path = pyutile;
			sourceTree = "<group>";
		};
		15D95B471FD7E929001BEF94 /* pyutilea */ = {
			isa = PBXGroup;
			children = (
				15D95B481FD7E929001BEF94 /* EXTScope.h */,
				15D95B491FD7E929001BEF94 /* metamacros.h */,
				15D95B4A1FD7E929001BEF94 /* NSArray+Expand.h */,
				15D95B4B1FD7E929001BEF94 /* NSData+Expand.h */,
				15D95B4C1FD7E929001BEF94 /* NSDate+Expand.h */,
				15D95B4D1FD7E929001BEF94 /* NSDictionary+Expand.h */,
				15D95B4E1FD7E929001BEF94 /* NSNumber+Expand.h */,
				15D95B4F1FD7E929001BEF94 /* NSObject+Expand.h */,
				15D95B501FD7E929001BEF94 /* NSString+Expand.h */,
				15D95B511FD7E929001BEF94 /* PYGraphicsDraw.h */,
				15D95B521FD7E929001BEF94 /* PYGraphicsThumb.h */,
				15D95B531FD7E929001BEF94 /* PYHook.h */,
				15D95B541FD7E929001BEF94 /* PYInvoke.h */,
				15D95B551FD7E929001BEF94 /* PYKeyboardNotification.h */,
				15D95B561FD7E929001BEF94 /* PYMotionNotification.h */,
				15D95B571FD7E929001BEF94 /* PYOrientationNotification.h */,
				15D95B5A1FD7E929001BEF94 /* PYUncaughtExceptionHandler.h */,
				15D95B5B1FD7E929001BEF94 /* PYUtile.h */,
				15D95B5C1FD7E929001BEF94 /* pyutilea.h */,
				15D95B5D1FD7E929001BEF94 /* PYViewAutolayoutCenter.h */,
				15D95B5E1FD7E929001BEF94 /* PYXml.h */,
				15D95B5F1FD7E929001BEF94 /* UIColor+Expand.h */,
				15D95B601FD7E929001BEF94 /* UIImage+Expand.h */,
				15D95B611FD7E929001BEF94 /* UILable+Expand.h */,
				15D95B621FD7E929001BEF94 /* UIResponder+Hook.h */,
				15D95B631FD7E929001BEF94 /* UIView+Expand.h */,
				15D95B641FD7E929001BEF94 /* UIView+Hook.h */,
				15D95B651FD7E929001BEF94 /* UIViewController+Hook.h */,
				15D95B661FD7E929001BEF94 /* UIViewController+HookOrientation.h */,
				15D95B671FD7E929001BEF94 /* UIViewController+HookView.h */,
			);
			path = pyutilea;
			sourceTree = "<group>";
		};
		15F2A9DE20A880F00023ACCE /* Notify */ = {
			isa = PBXGroup;
			children = (
				150D04AE20A586800051B2E7 /* PYNotifyParam.h */,
				150D04AF20A586800051B2E7 /* PYNotifyParam.m */,
				150D04AB20A57E680051B2E7 /* UIView+Notify.h */,
				150D04AC20A57E680051B2E7 /* UIView+Notify.m */,
			);
			path = Notify;
			sourceTree = "<group>";
		};
/* End PBXGroup section */

/* Begin PBXNativeTarget section */
		155DE3BF1DEEBE2D007CD6BF /* PYInterflow */ = {
			isa = PBXNativeTarget;
			buildConfigurationList = 155DE3D71DEEBE2D007CD6BF /* Build configuration list for PBXNativeTarget "PYInterflow" */;
			buildPhases = (
				155DE3BC1DEEBE2D007CD6BF /* Sources */,
				155DE3BD1DEEBE2D007CD6BF /* Frameworks */,
				155DE3BE1DEEBE2D007CD6BF /* Resources */,
			);
			buildRules = (
			);
			dependencies = (
			);
			name = PYInterflow;
			productName = PYInterflow;
			productReference = 155DE3C01DEEBE2D007CD6BF /* PYInterflow.app */;
			productType = "com.apple.product-type.application";
		};
		1583E07D1DFA7E2800AD48EA /* pyinterflowa */ = {
			isa = PBXNativeTarget;
			buildConfigurationList = 1583E0841DFA7E2800AD48EA /* Build configuration list for PBXNativeTarget "pyinterflowa" */;
			buildPhases = (
				1583E07A1DFA7E2800AD48EA /* Sources */,
				1583E07B1DFA7E2800AD48EA /* Frameworks */,
				1583E07C1DFA7E2800AD48EA /* CopyFiles */,
			);
			buildRules = (
			);
			dependencies = (
			);
			name = pyinterflowa;
			productName = pyinterflowa;
			productReference = 1583E07E1DFA7E2800AD48EA /* libpyinterflowa.a */;
			productType = "com.apple.product-type.library.static";
		};
/* End PBXNativeTarget section */

/* Begin PBXProject section */
		155DE3B81DEEBE2D007CD6BF /* Project object */ = {
			isa = PBXProject;
			attributes = {
				LastUpgradeCheck = 0930;
				ORGANIZATIONNAME = wlpiaoyi;
				TargetAttributes = {
					155DE3BF1DEEBE2D007CD6BF = {
						CreatedOnToolsVersion = 8.0;
						DevelopmentTeam = S4NUSJ3KDJ;
						ProvisioningStyle = Automatic;
					};
					1583E07D1DFA7E2800AD48EA = {
						CreatedOnToolsVersion = 8.1;
						DevelopmentTeam = S4NUSJ3KDJ;
						ProvisioningStyle = Automatic;
					};
				};
			};
			buildConfigurationList = 155DE3BB1DEEBE2D007CD6BF /* Build configuration list for PBXProject "PYInterflow" */;
			compatibilityVersion = "Xcode 3.2";
			developmentRegion = English;
			hasScannedForEncodings = 0;
			knownRegions = (
				en,
				Base,
			);
			mainGroup = 155DE3B71DEEBE2D007CD6BF;
			productRefGroup = 155DE3C11DEEBE2D007CD6BF /* Products */;
			projectDirPath = "";
			projectRoot = "";
			targets = (
				155DE3BF1DEEBE2D007CD6BF /* PYInterflow */,
				1583E07D1DFA7E2800AD48EA /* pyinterflowa */,
			);
		};
/* End PBXProject section */

/* Begin PBXResourcesBuildPhase section */
		155DE3BE1DEEBE2D007CD6BF /* Resources */ = {
			isa = PBXResourcesBuildPhase;
			buildActionMask = 2147483647;
			files = (
				150112801DF7C2B400A45FA8 /* icon.png in Resources */,
				155DE3D31DEEBE2D007CD6BF /* LaunchScreen.storyboard in Resources */,
				155DE3D01DEEBE2D007CD6BF /* Assets.xcassets in Resources */,
				155DE3CE1DEEBE2D007CD6BF /* Main.storyboard in Resources */,
				15EABAF320A2A90C0073D4EF /* PYInterflow.bundle in Resources */,
			);
			runOnlyForDeploymentPostprocessing = 0;
		};
/* End PBXResourcesBuildPhase section */

/* Begin PBXSourcesBuildPhase section */
		155DE3BC1DEEBE2D007CD6BF /* Sources */ = {
			isa = PBXSourcesBuildPhase;
			buildActionMask = 2147483647;
			files = (
				155D77BD206F2CB200B2CDDB /* PYMoveView.m in Sources */,
				1583E05B1DFA51BC00AD48EA /* UIView+Popup.m in Sources */,
				1583E05D1DFA51BC00AD48EA /* PYPopupParam.m in Sources */,
				155DE3CB1DEEBE2D007CD6BF /* ViewController.m in Sources */,
				155DE3C81DEEBE2D007CD6BF /* AppDelegate.m in Sources */,
				1583E0691DFA52A000AD48EA /* UIView+Toast.m in Sources */,
				1583E0661DFA51BC00AD48EA /* UIView+Sheet.m in Sources */,
				1583E05F1DFA51BC00AD48EA /* PYDialogMessageView.m in Sources */,
				1583E06C1DFA53E100AD48EA /* PYToastParam.m in Sources */,
				150D04B020A586810051B2E7 /* PYNotifyParam.m in Sources */,
				1583E05A1DFA51BC00AD48EA /* PYInterflowWindow.m in Sources */,
				1583E0621DFA51BC00AD48EA /* UIView+Dialog.m in Sources */,
				1583E0631DFA51BC00AD48EA /* PYSheetHeadView.m in Sources */,
				1583E0611DFA51BC00AD48EA /* PYDialogTitleView.m in Sources */,
				1583E0591DFA51BC00AD48EA /* PYInterflowParams.m in Sources */,
				1583E05E1DFA51BC00AD48EA /* PYDialogButtonView.m in Sources */,
				1583E0641DFA51BC00AD48EA /* PYSheetParam.m in Sources */,
				155DE3C51DEEBE2D007CD6BF /* main.m in Sources */,
				150D04AD20A57E680051B2E7 /* UIView+Notify.m in Sources */,
				1583E0601DFA51BC00AD48EA /* PYDialogParam.m in Sources */,
			);
			runOnlyForDeploymentPostprocessing = 0;
		};
		1583E07A1DFA7E2800AD48EA /* Sources */ = {
			isa = PBXSourcesBuildPhase;
			buildActionMask = 2147483647;
			files = (
				150D04B520A6B4C40051B2E7 /* PYNotifyParam.m in Sources */,
				150D04B620A6B4C40051B2E7 /* UIView+Notify.m in Sources */,
				155D77BE206F2F1C00B2CDDB /* PYMoveView.m in Sources */,
				1583E0871DFA7EBF00AD48EA /* PYInterflowParams.m in Sources */,
				1583E0881DFA7EBF00AD48EA /* PYInterflowWindow.m in Sources */,
				1583E0891DFA7EBF00AD48EA /* UIView+Popup.m in Sources */,
				1583E08B1DFA7EBF00AD48EA /* PYPopupParam.m in Sources */,
				1583E08C1DFA7EBF00AD48EA /* PYDialogButtonView.m in Sources */,
				1583E08D1DFA7EBF00AD48EA /* PYDialogMessageView.m in Sources */,
				1583E08E1DFA7EBF00AD48EA /* PYDialogParam.m in Sources */,
				1583E08F1DFA7EBF00AD48EA /* PYDialogTitleView.m in Sources */,
				1583E0901DFA7EBF00AD48EA /* UIView+Dialog.m in Sources */,
				1583E0911DFA7EBF00AD48EA /* PYSheetHeadView.m in Sources */,
				1583E0921DFA7EBF00AD48EA /* PYSheetParam.m in Sources */,
				1583E0931DFA7EBF00AD48EA /* UIView+Sheet.m in Sources */,
				1583E0941DFA7EBF00AD48EA /* UIView+Toast.m in Sources */,
				1583E0951DFA7EBF00AD48EA /* PYToastParam.m in Sources */,
			);
			runOnlyForDeploymentPostprocessing = 0;
		};
/* End PBXSourcesBuildPhase section */

/* Begin PBXVariantGroup section */
		155DE3CC1DEEBE2D007CD6BF /* Main.storyboard */ = {
			isa = PBXVariantGroup;
			children = (
				155DE3CD1DEEBE2D007CD6BF /* Base */,
			);
			name = Main.storyboard;
			sourceTree = "<group>";
		};
		155DE3D11DEEBE2D007CD6BF /* LaunchScreen.storyboard */ = {
			isa = PBXVariantGroup;
			children = (
				155DE3D21DEEBE2D007CD6BF /* Base */,
			);
			name = LaunchScreen.storyboard;
			sourceTree = "<group>";
		};
/* End PBXVariantGroup section */

/* Begin XCBuildConfiguration section */
		155DE3D51DEEBE2D007CD6BF /* Debug */ = {
			isa = XCBuildConfiguration;
			buildSettings = {
				ALWAYS_SEARCH_USER_PATHS = NO;
				CLANG_ANALYZER_NONNULL = YES;
				CLANG_CXX_LANGUAGE_STANDARD = "gnu++0x";
				CLANG_CXX_LIBRARY = "libc++";
				CLANG_ENABLE_MODULES = YES;
				CLANG_ENABLE_OBJC_ARC = YES;
				CLANG_WARN_BLOCK_CAPTURE_AUTORELEASING = YES;
				CLANG_WARN_BOOL_CONVERSION = YES;
				CLANG_WARN_COMMA = YES;
				CLANG_WARN_CONSTANT_CONVERSION = YES;
				CLANG_WARN_DEPRECATED_OBJC_IMPLEMENTATIONS = YES;
				CLANG_WARN_DIRECT_OBJC_ISA_USAGE = YES_ERROR;
				CLANG_WARN_DOCUMENTATION_COMMENTS = YES;
				CLANG_WARN_EMPTY_BODY = YES;
				CLANG_WARN_ENUM_CONVERSION = YES;
				CLANG_WARN_INFINITE_RECURSION = YES;
				CLANG_WARN_INT_CONVERSION = YES;
				CLANG_WARN_NON_LITERAL_NULL_CONVERSION = YES;
				CLANG_WARN_OBJC_IMPLICIT_RETAIN_SELF = YES;
				CLANG_WARN_OBJC_LITERAL_CONVERSION = YES;
				CLANG_WARN_OBJC_ROOT_CLASS = YES_ERROR;
				CLANG_WARN_RANGE_LOOP_ANALYSIS = YES;
				CLANG_WARN_STRICT_PROTOTYPES = YES;
				CLANG_WARN_SUSPICIOUS_MOVE = YES;
				CLANG_WARN_SUSPICIOUS_MOVES = YES;
				CLANG_WARN_UNREACHABLE_CODE = YES;
				CLANG_WARN__DUPLICATE_METHOD_MATCH = YES;
				"CODE_SIGN_IDENTITY[sdk=iphoneos*]" = "iPhone Developer";
				COPY_PHASE_STRIP = NO;
				DEBUG_INFORMATION_FORMAT = dwarf;
				ENABLE_STRICT_OBJC_MSGSEND = YES;
				ENABLE_TESTABILITY = YES;
				GCC_C_LANGUAGE_STANDARD = gnu99;
				GCC_DYNAMIC_NO_PIC = NO;
				GCC_NO_COMMON_BLOCKS = YES;
				GCC_OPTIMIZATION_LEVEL = 0;
				GCC_PREPROCESSOR_DEFINITIONS = (
					"DEBUG=1",
					"$(inherited)",
				);
				GCC_WARN_64_TO_32_BIT_CONVERSION = YES;
				GCC_WARN_ABOUT_RETURN_TYPE = YES_ERROR;
				GCC_WARN_UNDECLARED_SELECTOR = YES;
				GCC_WARN_UNINITIALIZED_AUTOS = YES_AGGRESSIVE;
				GCC_WARN_UNUSED_FUNCTION = YES;
				GCC_WARN_UNUSED_VARIABLE = YES;
				IPHONEOS_DEPLOYMENT_TARGET = 10.0;
				MTL_ENABLE_DEBUG_INFO = YES;
				ONLY_ACTIVE_ARCH = YES;
				SDKROOT = iphoneos;
				TARGETED_DEVICE_FAMILY = "1,2";
			};
			name = Debug;
		};
		155DE3D61DEEBE2D007CD6BF /* Release */ = {
			isa = XCBuildConfiguration;
			buildSettings = {
				ALWAYS_SEARCH_USER_PATHS = NO;
				CLANG_ANALYZER_NONNULL = YES;
				CLANG_CXX_LANGUAGE_STANDARD = "gnu++0x";
				CLANG_CXX_LIBRARY = "libc++";
				CLANG_ENABLE_MODULES = YES;
				CLANG_ENABLE_OBJC_ARC = YES;
				CLANG_WARN_BLOCK_CAPTURE_AUTORELEASING = YES;
				CLANG_WARN_BOOL_CONVERSION = YES;
				CLANG_WARN_COMMA = YES;
				CLANG_WARN_CONSTANT_CONVERSION = YES;
				CLANG_WARN_DEPRECATED_OBJC_IMPLEMENTATIONS = YES;
				CLANG_WARN_DIRECT_OBJC_ISA_USAGE = YES_ERROR;
				CLANG_WARN_DOCUMENTATION_COMMENTS = YES;
				CLANG_WARN_EMPTY_BODY = YES;
				CLANG_WARN_ENUM_CONVERSION = YES;
				CLANG_WARN_INFINITE_RECURSION = YES;
				CLANG_WARN_INT_CONVERSION = YES;
				CLANG_WARN_NON_LITERAL_NULL_CONVERSION = YES;
				CLANG_WARN_OBJC_IMPLICIT_RETAIN_SELF = YES;
				CLANG_WARN_OBJC_LITERAL_CONVERSION = YES;
				CLANG_WARN_OBJC_ROOT_CLASS = YES_ERROR;
				CLANG_WARN_RANGE_LOOP_ANALYSIS = YES;
				CLANG_WARN_STRICT_PROTOTYPES = YES;
				CLANG_WARN_SUSPICIOUS_MOVE = YES;
				CLANG_WARN_SUSPICIOUS_MOVES = YES;
				CLANG_WARN_UNREACHABLE_CODE = YES;
				CLANG_WARN__DUPLICATE_METHOD_MATCH = YES;
				"CODE_SIGN_IDENTITY[sdk=iphoneos*]" = "iPhone Developer";
				COPY_PHASE_STRIP = NO;
				DEBUG_INFORMATION_FORMAT = "dwarf-with-dsym";
				ENABLE_NS_ASSERTIONS = NO;
				ENABLE_STRICT_OBJC_MSGSEND = YES;
				GCC_C_LANGUAGE_STANDARD = gnu99;
				GCC_NO_COMMON_BLOCKS = YES;
				GCC_WARN_64_TO_32_BIT_CONVERSION = YES;
				GCC_WARN_ABOUT_RETURN_TYPE = YES_ERROR;
				GCC_WARN_UNDECLARED_SELECTOR = YES;
				GCC_WARN_UNINITIALIZED_AUTOS = YES_AGGRESSIVE;
				GCC_WARN_UNUSED_FUNCTION = YES;
				GCC_WARN_UNUSED_VARIABLE = YES;
				IPHONEOS_DEPLOYMENT_TARGET = 10.0;
				MTL_ENABLE_DEBUG_INFO = NO;
				SDKROOT = iphoneos;
				TARGETED_DEVICE_FAMILY = "1,2";
				VALIDATE_PRODUCT = YES;
			};
			name = Release;
		};
		155DE3D81DEEBE2D007CD6BF /* Debug */ = {
			isa = XCBuildConfiguration;
			buildSettings = {
				ASSETCATALOG_COMPILER_APPICON_NAME = AppIcon;
				DEVELOPMENT_TEAM = S4NUSJ3KDJ;
				FRAMEWORK_SEARCH_PATHS = (
					"$(inherited)",
					"$(PROJECT_DIR)",
				);
				HEADER_SEARCH_PATHS = "";
				INFOPLIST_FILE = PYInterflow/Info.plist;
				IPHONEOS_DEPLOYMENT_TARGET = 8.0;
				LD_RUNPATH_SEARCH_PATHS = "$(inherited) @executable_path/Frameworks";
				LIBRARY_SEARCH_PATHS = (
					"$(inherited)",
					"$(PROJECT_DIR)",
					"$(SRCROOT)",
					"$(PROJECT_DIR)/lib",
					"$(PROJECT_DIR)/lib/pyutile",
				);
				OTHER_LDFLAGS = "-ObjC";
				PRODUCT_BUNDLE_IDENTIFIER = wlpiaoyi.PYInterflow;
				PRODUCT_NAME = "$(TARGET_NAME)";
			};
			name = Debug;
		};
		155DE3D91DEEBE2D007CD6BF /* Release */ = {
			isa = XCBuildConfiguration;
			buildSettings = {
				ASSETCATALOG_COMPILER_APPICON_NAME = AppIcon;
				DEVELOPMENT_TEAM = S4NUSJ3KDJ;
				FRAMEWORK_SEARCH_PATHS = (
					"$(inherited)",
					"$(PROJECT_DIR)",
				);
				HEADER_SEARCH_PATHS = "";
				INFOPLIST_FILE = PYInterflow/Info.plist;
				IPHONEOS_DEPLOYMENT_TARGET = 8.0;
				LD_RUNPATH_SEARCH_PATHS = "$(inherited) @executable_path/Frameworks";
				LIBRARY_SEARCH_PATHS = (
					"$(inherited)",
					"$(PROJECT_DIR)",
					"$(SRCROOT)",
					"$(PROJECT_DIR)/lib",
					"$(PROJECT_DIR)/lib/pyutile",
				);
				OTHER_LDFLAGS = "-ObjC";
				PRODUCT_BUNDLE_IDENTIFIER = wlpiaoyi.PYInterflow;
				PRODUCT_NAME = "$(TARGET_NAME)";
			};
			name = Release;
		};
		1583E0851DFA7E2800AD48EA /* Debug */ = {
			isa = XCBuildConfiguration;
			buildSettings = {
				DEVELOPMENT_TEAM = S4NUSJ3KDJ;
				IPHONEOS_DEPLOYMENT_TARGET = 8.0;
				LIBRARY_SEARCH_PATHS = (
					"$(inherited)",
					"$(PROJECT_DIR)",
				);
				OTHER_LDFLAGS = "-ObjC";
				PRODUCT_NAME = "$(TARGET_NAME)";
				SKIP_INSTALL = YES;
			};
			name = Debug;
		};
		1583E0861DFA7E2800AD48EA /* Release */ = {
			isa = XCBuildConfiguration;
			buildSettings = {
				DEVELOPMENT_TEAM = S4NUSJ3KDJ;
				IPHONEOS_DEPLOYMENT_TARGET = 8.0;
				LIBRARY_SEARCH_PATHS = (
					"$(inherited)",
					"$(PROJECT_DIR)",
				);
				OTHER_LDFLAGS = "-ObjC";
				PRODUCT_NAME = "$(TARGET_NAME)";
				SKIP_INSTALL = YES;
			};
			name = Release;
		};
/* End XCBuildConfiguration section */

/* Begin XCConfigurationList section */
		155DE3BB1DEEBE2D007CD6BF /* Build configuration list for PBXProject "PYInterflow" */ = {
			isa = XCConfigurationList;
			buildConfigurations = (
				155DE3D51DEEBE2D007CD6BF /* Debug */,
				155DE3D61DEEBE2D007CD6BF /* Release */,
			);
			defaultConfigurationIsVisible = 0;
			defaultConfigurationName = Release;
		};
		155DE3D71DEEBE2D007CD6BF /* Build configuration list for PBXNativeTarget "PYInterflow" */ = {
			isa = XCConfigurationList;
			buildConfigurations = (
				155DE3D81DEEBE2D007CD6BF /* Debug */,
				155DE3D91DEEBE2D007CD6BF /* Release */,
			);
			defaultConfigurationIsVisible = 0;
			defaultConfigurationName = Release;
		};
		1583E0841DFA7E2800AD48EA /* Build configuration list for PBXNativeTarget "pyinterflowa" */ = {
			isa = XCConfigurationList;
			buildConfigurations = (
				1583E0851DFA7E2800AD48EA /* Debug */,
				1583E0861DFA7E2800AD48EA /* Release */,
			);
			defaultConfigurationIsVisible = 0;
			defaultConfigurationName = Release;
		};
/* End XCConfigurationList section */
	};
	rootObject = 155DE3B81DEEBE2D007CD6BF /* Project object */;
}
